// !$*UTF8*$!
{
	archiveVersion = 1;
	classes = {
	};
	objectVersion = 50;
	objects = {

/* Begin PBXBuildFile section */
		8E6835322487DAD700D84F53 /* PageViewController.swift in Sources */ = {isa = PBXBuildFile; fileRef = 8E6835312487DAD700D84F53 /* PageViewController.swift */; };
		8E6835342487DD8800D84F53 /* README.md in Resources */ = {isa = PBXBuildFile; fileRef = 8E6835332487DD8800D84F53 /* README.md */; };
		8E92A28C2487EB7300D43828 /* Array+.swift in Sources */ = {isa = PBXBuildFile; fileRef = 8E92A28B2487EB7300D43828 /* Array+.swift */; };
		8E92A28E2487ED2200D43828 /* UIView+.swift in Sources */ = {isa = PBXBuildFile; fileRef = 8E92A28D2487ED2200D43828 /* UIView+.swift */; };
		8E92A2902487EF3700D43828 /* DevMenuPageViewController.swift in Sources */ = {isa = PBXBuildFile; fileRef = 8E92A28F2487EF3700D43828 /* DevMenuPageViewController.swift */; };
		8E92A2922487F18E00D43828 /* UIColor+.swift in Sources */ = {isa = PBXBuildFile; fileRef = 8E92A2912487F18E00D43828 /* UIColor+.swift */; };
		8E92A296248805BD00D43828 /* Logger.swift in Sources */ = {isa = PBXBuildFile; fileRef = 8E92A295248805BD00D43828 /* Logger.swift */; };
		8E92A2982488346A00D43828 /* PageMenuView.swift in Sources */ = {isa = PBXBuildFile; fileRef = 8E92A2972488346A00D43828 /* PageMenuView.swift */; };
		8E92A29A2488405F00D43828 /* String+.swift in Sources */ = {isa = PBXBuildFile; fileRef = 8E92A2992488405F00D43828 /* String+.swift */; };
		8E92A29C2488409500D43828 /* Int+.swift in Sources */ = {isa = PBXBuildFile; fileRef = 8E92A29B2488409500D43828 /* Int+.swift */; };
		8E92A2A124886AA600D43828 /* MarketDetailViewController.swift in Sources */ = {isa = PBXBuildFile; fileRef = 8E92A2A024886AA600D43828 /* MarketDetailViewController.swift */; };
		8E92A2A324886AAF00D43828 /* MarketDetailViewModel.swift in Sources */ = {isa = PBXBuildFile; fileRef = 8E92A2A224886AAF00D43828 /* MarketDetailViewModel.swift */; };
		8EA6AB3A248A846A0017FE63 /* Localizable.strings in Resources */ = {isa = PBXBuildFile; fileRef = 8EA6AB39248A846A0017FE63 /* Localizable.strings */; };
		8EA6AB3C248A84D20017FE63 /* Localizable+.swift in Sources */ = {isa = PBXBuildFile; fileRef = 8EA6AB3B248A84D20017FE63 /* Localizable+.swift */; };
		8EA6AB3F248A85020017FE63 /* ArrayTests.swift in Sources */ = {isa = PBXBuildFile; fileRef = 8EA6AB3E248A85020017FE63 /* ArrayTests.swift */; };
		8EA6AB41248A97ED0017FE63 /* MarketPair.swift in Sources */ = {isa = PBXBuildFile; fileRef = 8EA6AB40248A97ED0017FE63 /* MarketPair.swift */; };
		8EA6AB45248A99BA0017FE63 /* MarketHistoryViewController.swift in Sources */ = {isa = PBXBuildFile; fileRef = 8EA6AB44248A99BA0017FE63 /* MarketHistoryViewController.swift */; };
		8EA6AB47248A99D20017FE63 /* OrderBookViewController.swift in Sources */ = {isa = PBXBuildFile; fileRef = 8EA6AB46248A99D20017FE63 /* OrderBookViewController.swift */; };
		8EA6AB49248A99EF0017FE63 /* OrderBookViewModel.swift in Sources */ = {isa = PBXBuildFile; fileRef = 8EA6AB48248A99EF0017FE63 /* OrderBookViewModel.swift */; };
		8EA6AB4B248A99F80017FE63 /* MarketHistoryViewModel.swift in Sources */ = {isa = PBXBuildFile; fileRef = 8EA6AB4A248A99F80017FE63 /* MarketHistoryViewModel.swift */; };
		8EA6AB4D248AA4BD0017FE63 /* OrderBookTableView.swift in Sources */ = {isa = PBXBuildFile; fileRef = 8EA6AB4C248AA4BD0017FE63 /* OrderBookTableView.swift */; };
		8EA6AB4F248AA6E60017FE63 /* OrderBookCellViewModel.swift in Sources */ = {isa = PBXBuildFile; fileRef = 8EA6AB4E248AA6E60017FE63 /* OrderBookCellViewModel.swift */; };
		8EA6AB51248AA6EE0017FE63 /* OrderBookCell.swift in Sources */ = {isa = PBXBuildFile; fileRef = 8EA6AB50248AA6EE0017FE63 /* OrderBookCell.swift */; };
		8EA6FEF92487BE8400AC978E /* AppDelegate.swift in Sources */ = {isa = PBXBuildFile; fileRef = 8EA6FEF82487BE8400AC978E /* AppDelegate.swift */; };
		8EA6FEFB2487BE8400AC978E /* SceneDelegate.swift in Sources */ = {isa = PBXBuildFile; fileRef = 8EA6FEFA2487BE8400AC978E /* SceneDelegate.swift */; };
		8EA6FEFD2487BE8400AC978E /* DevMenuViewController.swift in Sources */ = {isa = PBXBuildFile; fileRef = 8EA6FEFC2487BE8400AC978E /* DevMenuViewController.swift */; };
		8EA6FF002487BE8400AC978E /* Main.storyboard in Resources */ = {isa = PBXBuildFile; fileRef = 8EA6FEFE2487BE8400AC978E /* Main.storyboard */; };
		8EA6FF022487BE8500AC978E /* Assets.xcassets in Resources */ = {isa = PBXBuildFile; fileRef = 8EA6FF012487BE8500AC978E /* Assets.xcassets */; };
		8EA6FF052487BE8500AC978E /* LaunchScreen.storyboard in Resources */ = {isa = PBXBuildFile; fileRef = 8EA6FF032487BE8500AC978E /* LaunchScreen.storyboard */; };
		8ED65002248AC9EC0044B32D /* OrderBookTableType.swift in Sources */ = {isa = PBXBuildFile; fileRef = 8ED65001248AC9EC0044B32D /* OrderBookTableType.swift */; };
		8ED65004248AD0B00044B32D /* Double+.swift in Sources */ = {isa = PBXBuildFile; fileRef = 8ED65003248AD0B00044B32D /* Double+.swift */; };
		8ED65006248AD0F60044B32D /* DoubleTests.swift in Sources */ = {isa = PBXBuildFile; fileRef = 8ED65005248AD0F60044B32D /* DoubleTests.swift */; };
		8ED65008248ADE460044B32D /* OrderBook.swift in Sources */ = {isa = PBXBuildFile; fileRef = 8ED65007248ADE460044B32D /* OrderBook.swift */; };
		8ED6500A248ADF2D0044B32D /* OrderBookService.swift in Sources */ = {isa = PBXBuildFile; fileRef = 8ED65009248ADF2D0044B32D /* OrderBookService.swift */; };
		8ED65011248AF47E0044B32D /* ChildPageViewController.swift in Sources */ = {isa = PBXBuildFile; fileRef = 8ED65010248AF47E0044B32D /* ChildPageViewController.swift */; };
		8ED65015248B14530044B32D /* OrderBookAskCell.swift in Sources */ = {isa = PBXBuildFile; fileRef = 8ED65014248B14530044B32D /* OrderBookAskCell.swift */; };
		8ED65017248B158E0044B32D /* OrderBookBidCell.swift in Sources */ = {isa = PBXBuildFile; fileRef = 8ED65016248B158E0044B32D /* OrderBookBidCell.swift */; };
		8ED65019248BBF550044B32D /* OrderBookHeaderView.swift in Sources */ = {isa = PBXBuildFile; fileRef = 8ED65018248BBF550044B32D /* OrderBookHeaderView.swift */; };
		8ED6501C248BC1B10044B32D /* UIFont+.swift in Sources */ = {isa = PBXBuildFile; fileRef = 8ED6501B248BC1B10044B32D /* UIFont+.swift */; };
		8ED6501E248BD2A40044B32D /* WebSocketService.swift in Sources */ = {isa = PBXBuildFile; fileRef = 8ED6501D248BD2A40044B32D /* WebSocketService.swift */; };
		8ED65020248BE69B0044B32D /* BinanceWSRouter.swift in Sources */ = {isa = PBXBuildFile; fileRef = 8ED6501F248BE69B0044B32D /* BinanceWSRouter.swift */; };
		8ED65029248C0F460044B32D /* URLSessionWebSocketTaskMessage+.swift in Sources */ = {isa = PBXBuildFile; fileRef = 8ED65028248C0F460044B32D /* URLSessionWebSocketTaskMessage+.swift */; };
		8ED6502B248C0FF70044B32D /* Parser.swift in Sources */ = {isa = PBXBuildFile; fileRef = 8ED6502A248C0FF70044B32D /* Parser.swift */; };
		8ED6502D248C12170044B32D /* WSOrderBookDiff.swift in Sources */ = {isa = PBXBuildFile; fileRef = 8ED6502C248C12170044B32D /* WSOrderBookDiff.swift */; };
		8ED6502F248C12EA0044B32D /* BinanceWSError.swift in Sources */ = {isa = PBXBuildFile; fileRef = 8ED6502E248C12EA0044B32D /* BinanceWSError.swift */; };
		8ED65032248C17220044B32D /* BinanceWSEventType.swift in Sources */ = {isa = PBXBuildFile; fileRef = 8ED65031248C17220044B32D /* BinanceWSEventType.swift */; };
		8ED6503B248C19D30044B32D /* WSOrderBookDiffTests.swift in Sources */ = {isa = PBXBuildFile; fileRef = 8ED6503A248C19D30044B32D /* WSOrderBookDiffTests.swift */; };
		8ED6503D248C24430044B32D /* JSONDecoder+.swift in Sources */ = {isa = PBXBuildFile; fileRef = 8ED6503C248C24430044B32D /* JSONDecoder+.swift */; };
		8ED65040248C50970044B32D /* APIService.swift in Sources */ = {isa = PBXBuildFile; fileRef = 8ED6503F248C50970044B32D /* APIService.swift */; };
		8ED65042248C513C0044B32D /* APIError.swift in Sources */ = {isa = PBXBuildFile; fileRef = 8ED65041248C513C0044B32D /* APIError.swift */; };
		8ED65048248C51C20044B32D /* BinanceAPIRouter.swift in Sources */ = {isa = PBXBuildFile; fileRef = 8ED65047248C51C20044B32D /* BinanceAPIRouter.swift */; };
		8ED6504A248C5A330044B32D /* OrderBookTests.swift in Sources */ = {isa = PBXBuildFile; fileRef = 8ED65049248C5A330044B32D /* OrderBookTests.swift */; };
		8ED6504C248C5AC50044B32D /* Result+.swift in Sources */ = {isa = PBXBuildFile; fileRef = 8ED6504B248C5AC50044B32D /* Result+.swift */; };
		8ED6504E248C68040044B32D /* Optional+.swift in Sources */ = {isa = PBXBuildFile; fileRef = 8ED6504D248C68040044B32D /* Optional+.swift */; };
		8ED65050248D4F050044B32D /* OrderBook+Utils.swift in Sources */ = {isa = PBXBuildFile; fileRef = 8ED6504F248D4F050044B32D /* OrderBook+Utils.swift */; };
		8ED65052248D51E40044B32D /* OrderBook+MergeTests.swift in Sources */ = {isa = PBXBuildFile; fileRef = 8ED65051248D51E40044B32D /* OrderBook+MergeTests.swift */; };
		8ED65056248D52130044B32D /* OrderBookMock.swift in Sources */ = {isa = PBXBuildFile; fileRef = 8ED65055248D52130044B32D /* OrderBookMock.swift */; };
		8ED6505C248D67350044B32D /* OrderBookOffer.swift in Sources */ = {isa = PBXBuildFile; fileRef = 8ED6505B248D67350044B32D /* OrderBookOffer.swift */; };
		8ED6505E248D7FD50044B32D /* OrderBook+UtilsTests.swift in Sources */ = {isa = PBXBuildFile; fileRef = 8ED6505D248D7FD50044B32D /* OrderBook+UtilsTests.swift */; };
		8ED65060248E9BA00044B32D /* LoadingView.swift in Sources */ = {isa = PBXBuildFile; fileRef = 8ED6505F248E9BA00044B32D /* LoadingView.swift */; };
		8ED65062248EB58D0044B32D /* DevMenuLoadingViewController.swift in Sources */ = {isa = PBXBuildFile; fileRef = 8ED65061248EB58D0044B32D /* DevMenuLoadingViewController.swift */; };
		8ED65064248ECBD20044B32D /* Reachability.swift in Sources */ = {isa = PBXBuildFile; fileRef = 8ED65063248ECBD20044B32D /* Reachability.swift */; };
		8ED65067248EEBF70044B32D /* ReachabilityService.swift in Sources */ = {isa = PBXBuildFile; fileRef = 8ED65066248EEBF70044B32D /* ReachabilityService.swift */; };
		8ED65069248EFA4A0044B32D /* BinanceWSErrorTests.swift in Sources */ = {isa = PBXBuildFile; fileRef = 8ED65068248EFA4A0044B32D /* BinanceWSErrorTests.swift */; };
		8ED6506C248FCBF20044B32D /* BinanceWSRouterTests.swift in Sources */ = {isa = PBXBuildFile; fileRef = 8ED6506B248FCBF20044B32D /* BinanceWSRouterTests.swift */; };
		8ED6506E248FCC490044B32D /* MarketPairMock.swift in Sources */ = {isa = PBXBuildFile; fileRef = 8ED6506D248FCC490044B32D /* MarketPairMock.swift */; };
		8ED65071248FDA6A0044B32D /* BinanceAPIRouterTests.swift in Sources */ = {isa = PBXBuildFile; fileRef = 8ED65070248FDA6A0044B32D /* BinanceAPIRouterTests.swift */; };
		8ED65079248FE4430044B32D /* integration_tests.swift in Sources */ = {isa = PBXBuildFile; fileRef = 8ED65078248FE4430044B32D /* integration_tests.swift */; };
		8ED65081248FE4590044B32D /* APIServiceTests.swift in Sources */ = {isa = PBXBuildFile; fileRef = 8ED65044248C517C0044B32D /* APIServiceTests.swift */; };
		8ED65085248FE4F70044B32D /* BinanceAPIService.swift in Sources */ = {isa = PBXBuildFile; fileRef = 8ED65084248FE4F70044B32D /* BinanceAPIService.swift */; };
		8ED65087248FE5780044B32D /* Trade.swift in Sources */ = {isa = PBXBuildFile; fileRef = 8ED65086248FE5780044B32D /* Trade.swift */; };
		8ED65089248FE66F0044B32D /* BinanceAPIError.swift in Sources */ = {isa = PBXBuildFile; fileRef = 8ED65088248FE66F0044B32D /* BinanceAPIError.swift */; };
		8ED6508B248FE8530044B32D /* BinanceAPIErrorTests.swift in Sources */ = {isa = PBXBuildFile; fileRef = 8ED6508A248FE8530044B32D /* BinanceAPIErrorTests.swift */; };
		8ED6508D248FECBA0044B32D /* WebSocketError.swift in Sources */ = {isa = PBXBuildFile; fileRef = 8ED6508C248FECBA0044B32D /* WebSocketError.swift */; };
		8ED6508F248FF1BD0044B32D /* TradeTests.swift in Sources */ = {isa = PBXBuildFile; fileRef = 8ED6508E248FF1BD0044B32D /* TradeTests.swift */; };
		8ED65093248FF93F0044B32D /* MarketHistoryCell.swift in Sources */ = {isa = PBXBuildFile; fileRef = 8ED65092248FF93F0044B32D /* MarketHistoryCell.swift */; };
		8ED65095248FF9530044B32D /* MarketHistoryCellViewModel.swift in Sources */ = {isa = PBXBuildFile; fileRef = 8ED65094248FF9530044B32D /* MarketHistoryCellViewModel.swift */; };
		8ED65097248FFA1B0044B32D /* Date+.swift in Sources */ = {isa = PBXBuildFile; fileRef = 8ED65096248FFA1B0044B32D /* Date+.swift */; };
		8ED65099248FFA2C0044B32D /* DateTests.swift in Sources */ = {isa = PBXBuildFile; fileRef = 8ED65098248FFA2C0044B32D /* DateTests.swift */; };
		8ED6509B248FFFE60044B32D /* BinanceAPITests.swift in Sources */ = {isa = PBXBuildFile; fileRef = 8ED65082248FE48E0044B32D /* BinanceAPITests.swift */; };
		8ED6509C248FFFEB0044B32D /* MarketPairMock.swift in Sources */ = {isa = PBXBuildFile; fileRef = 8ED6506D248FCC490044B32D /* MarketPairMock.swift */; };
		8ED6509E249003D70044B32D /* MarketHistoryService.swift in Sources */ = {isa = PBXBuildFile; fileRef = 8ED6509D249003D70044B32D /* MarketHistoryService.swift */; };
		8ED650A0249007520044B32D /* BinanceWSService.swift in Sources */ = {isa = PBXBuildFile; fileRef = 8ED6509F249007520044B32D /* BinanceWSService.swift */; };
		8ED650A224904BB00044B32D /* MarketHistoryHeaderView.swift in Sources */ = {isa = PBXBuildFile; fileRef = 8ED650A124904BB00044B32D /* MarketHistoryHeaderView.swift */; };
		8ED650A524904F4B0044B32D /* Metrics.swift in Sources */ = {isa = PBXBuildFile; fileRef = 8ED650A424904F4B0044B32D /* Metrics.swift */; };
		8ED650A7249067050044B32D /* WSTrade.swift in Sources */ = {isa = PBXBuildFile; fileRef = 8ED650A6249067050044B32D /* WSTrade.swift */; };
		8ED650A9249067910044B32D /* WSEvent.swift in Sources */ = {isa = PBXBuildFile; fileRef = 8ED650A8249067910044B32D /* WSEvent.swift */; };
		8ED650AC249069030044B32D /* WSTradeTests.swift in Sources */ = {isa = PBXBuildFile; fileRef = 8ED650AB249069030044B32D /* WSTradeTests.swift */; };
		8ED650AF24906B1E0044B32D /* WSEventTests.swift in Sources */ = {isa = PBXBuildFile; fileRef = 8ED650AE24906B1E0044B32D /* WSEventTests.swift */; };
		8ED650B124912D830044B32D /* SelectorView.swift in Sources */ = {isa = PBXBuildFile; fileRef = 8ED650B024912D830044B32D /* SelectorView.swift */; };
		8ED650B424912F310044B32D /* SelectorButton.swift in Sources */ = {isa = PBXBuildFile; fileRef = 8ED650B324912F310044B32D /* SelectorButton.swift */; };
		8ED650B6249138850044B32D /* DevMenuSelectorViewController.swift in Sources */ = {isa = PBXBuildFile; fileRef = 8ED650B5249138850044B32D /* DevMenuSelectorViewController.swift */; };
/* End PBXBuildFile section */

/* Begin PBXContainerItemProxy section */
		8EA6FF0C2487BE8500AC978E /* PBXContainerItemProxy */ = {
			isa = PBXContainerItemProxy;
			containerPortal = 8EA6FEED2487BE8400AC978E /* Project object */;
			proxyType = 1;
			remoteGlobalIDString = 8EA6FEF42487BE8400AC978E;
			remoteInfo = "crypto-book";
		};
		8ED6507B248FE4430044B32D /* PBXContainerItemProxy */ = {
			isa = PBXContainerItemProxy;
			containerPortal = 8EA6FEED2487BE8400AC978E /* Project object */;
			proxyType = 1;
			remoteGlobalIDString = 8EA6FEF42487BE8400AC978E;
			remoteInfo = "crypto-book";
		};
/* End PBXContainerItemProxy section */

/* Begin PBXFileReference section */
		8E6835312487DAD700D84F53 /* PageViewController.swift */ = {isa = PBXFileReference; lastKnownFileType = sourcecode.swift; path = PageViewController.swift; sourceTree = "<group>"; };
		8E6835332487DD8800D84F53 /* README.md */ = {isa = PBXFileReference; fileEncoding = 4; lastKnownFileType = net.daringfireball.markdown; path = README.md; sourceTree = "<group>"; };
		8E92A28B2487EB7300D43828 /* Array+.swift */ = {isa = PBXFileReference; lastKnownFileType = sourcecode.swift; path = "Array+.swift"; sourceTree = "<group>"; };
		8E92A28D2487ED2200D43828 /* UIView+.swift */ = {isa = PBXFileReference; lastKnownFileType = sourcecode.swift; path = "UIView+.swift"; sourceTree = "<group>"; };
		8E92A28F2487EF3700D43828 /* DevMenuPageViewController.swift */ = {isa = PBXFileReference; lastKnownFileType = sourcecode.swift; path = DevMenuPageViewController.swift; sourceTree = "<group>"; };
		8E92A2912487F18E00D43828 /* UIColor+.swift */ = {isa = PBXFileReference; lastKnownFileType = sourcecode.swift; path = "UIColor+.swift"; sourceTree = "<group>"; };
		8E92A295248805BD00D43828 /* Logger.swift */ = {isa = PBXFileReference; lastKnownFileType = sourcecode.swift; path = Logger.swift; sourceTree = "<group>"; };
		8E92A2972488346A00D43828 /* PageMenuView.swift */ = {isa = PBXFileReference; lastKnownFileType = sourcecode.swift; path = PageMenuView.swift; sourceTree = "<group>"; };
		8E92A2992488405F00D43828 /* String+.swift */ = {isa = PBXFileReference; lastKnownFileType = sourcecode.swift; path = "String+.swift"; sourceTree = "<group>"; };
		8E92A29B2488409500D43828 /* Int+.swift */ = {isa = PBXFileReference; lastKnownFileType = sourcecode.swift; path = "Int+.swift"; sourceTree = "<group>"; };
		8E92A2A024886AA600D43828 /* MarketDetailViewController.swift */ = {isa = PBXFileReference; lastKnownFileType = sourcecode.swift; path = MarketDetailViewController.swift; sourceTree = "<group>"; };
		8E92A2A224886AAF00D43828 /* MarketDetailViewModel.swift */ = {isa = PBXFileReference; lastKnownFileType = sourcecode.swift; path = MarketDetailViewModel.swift; sourceTree = "<group>"; };
		8EA6AB39248A846A0017FE63 /* Localizable.strings */ = {isa = PBXFileReference; lastKnownFileType = text.plist.strings; path = Localizable.strings; sourceTree = "<group>"; };
		8EA6AB3B248A84D20017FE63 /* Localizable+.swift */ = {isa = PBXFileReference; lastKnownFileType = sourcecode.swift; path = "Localizable+.swift"; sourceTree = "<group>"; };
		8EA6AB3E248A85020017FE63 /* ArrayTests.swift */ = {isa = PBXFileReference; lastKnownFileType = sourcecode.swift; path = ArrayTests.swift; sourceTree = "<group>"; };
		8EA6AB40248A97ED0017FE63 /* MarketPair.swift */ = {isa = PBXFileReference; lastKnownFileType = sourcecode.swift; path = MarketPair.swift; sourceTree = "<group>"; };
		8EA6AB44248A99BA0017FE63 /* MarketHistoryViewController.swift */ = {isa = PBXFileReference; lastKnownFileType = sourcecode.swift; path = MarketHistoryViewController.swift; sourceTree = "<group>"; };
		8EA6AB46248A99D20017FE63 /* OrderBookViewController.swift */ = {isa = PBXFileReference; lastKnownFileType = sourcecode.swift; path = OrderBookViewController.swift; sourceTree = "<group>"; };
		8EA6AB48248A99EF0017FE63 /* OrderBookViewModel.swift */ = {isa = PBXFileReference; lastKnownFileType = sourcecode.swift; path = OrderBookViewModel.swift; sourceTree = "<group>"; };
		8EA6AB4A248A99F80017FE63 /* MarketHistoryViewModel.swift */ = {isa = PBXFileReference; lastKnownFileType = sourcecode.swift; path = MarketHistoryViewModel.swift; sourceTree = "<group>"; };
		8EA6AB4C248AA4BD0017FE63 /* OrderBookTableView.swift */ = {isa = PBXFileReference; lastKnownFileType = sourcecode.swift; path = OrderBookTableView.swift; sourceTree = "<group>"; };
		8EA6AB4E248AA6E60017FE63 /* OrderBookCellViewModel.swift */ = {isa = PBXFileReference; lastKnownFileType = sourcecode.swift; path = OrderBookCellViewModel.swift; sourceTree = "<group>"; };
		8EA6AB50248AA6EE0017FE63 /* OrderBookCell.swift */ = {isa = PBXFileReference; lastKnownFileType = sourcecode.swift; path = OrderBookCell.swift; sourceTree = "<group>"; };
		8EA6FEF52487BE8400AC978E /* crypto-book.app */ = {isa = PBXFileReference; explicitFileType = wrapper.application; includeInIndex = 0; path = "crypto-book.app"; sourceTree = BUILT_PRODUCTS_DIR; };
		8EA6FEF82487BE8400AC978E /* AppDelegate.swift */ = {isa = PBXFileReference; lastKnownFileType = sourcecode.swift; path = AppDelegate.swift; sourceTree = "<group>"; };
		8EA6FEFA2487BE8400AC978E /* SceneDelegate.swift */ = {isa = PBXFileReference; lastKnownFileType = sourcecode.swift; path = SceneDelegate.swift; sourceTree = "<group>"; };
		8EA6FEFC2487BE8400AC978E /* DevMenuViewController.swift */ = {isa = PBXFileReference; lastKnownFileType = sourcecode.swift; path = DevMenuViewController.swift; sourceTree = "<group>"; };
		8EA6FEFF2487BE8400AC978E /* Base */ = {isa = PBXFileReference; lastKnownFileType = file.storyboard; name = Base; path = Base.lproj/Main.storyboard; sourceTree = "<group>"; };
		8EA6FF012487BE8500AC978E /* Assets.xcassets */ = {isa = PBXFileReference; lastKnownFileType = folder.assetcatalog; path = Assets.xcassets; sourceTree = "<group>"; };
		8EA6FF042487BE8500AC978E /* Base */ = {isa = PBXFileReference; lastKnownFileType = file.storyboard; name = Base; path = Base.lproj/LaunchScreen.storyboard; sourceTree = "<group>"; };
		8EA6FF062487BE8500AC978E /* Info.plist */ = {isa = PBXFileReference; lastKnownFileType = text.plist.xml; path = Info.plist; sourceTree = "<group>"; };
		8EA6FF0B2487BE8500AC978E /* unit-tests.xctest */ = {isa = PBXFileReference; explicitFileType = wrapper.cfbundle; includeInIndex = 0; path = "unit-tests.xctest"; sourceTree = BUILT_PRODUCTS_DIR; };
		8EA6FF112487BE8500AC978E /* Info.plist */ = {isa = PBXFileReference; lastKnownFileType = text.plist.xml; path = Info.plist; sourceTree = "<group>"; };
		8ED65001248AC9EC0044B32D /* OrderBookTableType.swift */ = {isa = PBXFileReference; lastKnownFileType = sourcecode.swift; path = OrderBookTableType.swift; sourceTree = "<group>"; };
		8ED65003248AD0B00044B32D /* Double+.swift */ = {isa = PBXFileReference; lastKnownFileType = sourcecode.swift; path = "Double+.swift"; sourceTree = "<group>"; };
		8ED65005248AD0F60044B32D /* DoubleTests.swift */ = {isa = PBXFileReference; lastKnownFileType = sourcecode.swift; path = DoubleTests.swift; sourceTree = "<group>"; };
		8ED65007248ADE460044B32D /* OrderBook.swift */ = {isa = PBXFileReference; lastKnownFileType = sourcecode.swift; path = OrderBook.swift; sourceTree = "<group>"; };
		8ED65009248ADF2D0044B32D /* OrderBookService.swift */ = {isa = PBXFileReference; lastKnownFileType = sourcecode.swift; path = OrderBookService.swift; sourceTree = "<group>"; };
		8ED65010248AF47E0044B32D /* ChildPageViewController.swift */ = {isa = PBXFileReference; lastKnownFileType = sourcecode.swift; path = ChildPageViewController.swift; sourceTree = "<group>"; };
		8ED65014248B14530044B32D /* OrderBookAskCell.swift */ = {isa = PBXFileReference; lastKnownFileType = sourcecode.swift; path = OrderBookAskCell.swift; sourceTree = "<group>"; };
		8ED65016248B158E0044B32D /* OrderBookBidCell.swift */ = {isa = PBXFileReference; lastKnownFileType = sourcecode.swift; path = OrderBookBidCell.swift; sourceTree = "<group>"; };
		8ED65018248BBF550044B32D /* OrderBookHeaderView.swift */ = {isa = PBXFileReference; lastKnownFileType = sourcecode.swift; path = OrderBookHeaderView.swift; sourceTree = "<group>"; };
		8ED6501B248BC1B10044B32D /* UIFont+.swift */ = {isa = PBXFileReference; lastKnownFileType = sourcecode.swift; path = "UIFont+.swift"; sourceTree = "<group>"; };
		8ED6501D248BD2A40044B32D /* WebSocketService.swift */ = {isa = PBXFileReference; lastKnownFileType = sourcecode.swift; path = WebSocketService.swift; sourceTree = "<group>"; };
		8ED6501F248BE69B0044B32D /* BinanceWSRouter.swift */ = {isa = PBXFileReference; lastKnownFileType = sourcecode.swift; path = BinanceWSRouter.swift; sourceTree = "<group>"; };
		8ED65028248C0F460044B32D /* URLSessionWebSocketTaskMessage+.swift */ = {isa = PBXFileReference; lastKnownFileType = sourcecode.swift; path = "URLSessionWebSocketTaskMessage+.swift"; sourceTree = "<group>"; };
		8ED6502A248C0FF70044B32D /* Parser.swift */ = {isa = PBXFileReference; lastKnownFileType = sourcecode.swift; path = Parser.swift; sourceTree = "<group>"; };
		8ED6502C248C12170044B32D /* WSOrderBookDiff.swift */ = {isa = PBXFileReference; lastKnownFileType = sourcecode.swift; path = WSOrderBookDiff.swift; sourceTree = "<group>"; };
		8ED6502E248C12EA0044B32D /* BinanceWSError.swift */ = {isa = PBXFileReference; lastKnownFileType = sourcecode.swift; path = BinanceWSError.swift; sourceTree = "<group>"; };
		8ED65031248C17220044B32D /* BinanceWSEventType.swift */ = {isa = PBXFileReference; lastKnownFileType = sourcecode.swift; path = BinanceWSEventType.swift; sourceTree = "<group>"; };
		8ED6503A248C19D30044B32D /* WSOrderBookDiffTests.swift */ = {isa = PBXFileReference; lastKnownFileType = sourcecode.swift; path = WSOrderBookDiffTests.swift; sourceTree = "<group>"; };
		8ED6503C248C24430044B32D /* JSONDecoder+.swift */ = {isa = PBXFileReference; lastKnownFileType = sourcecode.swift; path = "JSONDecoder+.swift"; sourceTree = "<group>"; };
		8ED6503F248C50970044B32D /* APIService.swift */ = {isa = PBXFileReference; lastKnownFileType = sourcecode.swift; path = APIService.swift; sourceTree = "<group>"; };
		8ED65041248C513C0044B32D /* APIError.swift */ = {isa = PBXFileReference; lastKnownFileType = sourcecode.swift; path = APIError.swift; sourceTree = "<group>"; };
		8ED65044248C517C0044B32D /* APIServiceTests.swift */ = {isa = PBXFileReference; lastKnownFileType = sourcecode.swift; path = APIServiceTests.swift; sourceTree = "<group>"; };
		8ED65047248C51C20044B32D /* BinanceAPIRouter.swift */ = {isa = PBXFileReference; lastKnownFileType = sourcecode.swift; path = BinanceAPIRouter.swift; sourceTree = "<group>"; };
		8ED65049248C5A330044B32D /* OrderBookTests.swift */ = {isa = PBXFileReference; lastKnownFileType = sourcecode.swift; path = OrderBookTests.swift; sourceTree = "<group>"; };
		8ED6504B248C5AC50044B32D /* Result+.swift */ = {isa = PBXFileReference; lastKnownFileType = sourcecode.swift; path = "Result+.swift"; sourceTree = "<group>"; };
		8ED6504D248C68040044B32D /* Optional+.swift */ = {isa = PBXFileReference; lastKnownFileType = sourcecode.swift; path = "Optional+.swift"; sourceTree = "<group>"; };
		8ED6504F248D4F050044B32D /* OrderBook+Utils.swift */ = {isa = PBXFileReference; lastKnownFileType = sourcecode.swift; path = "OrderBook+Utils.swift"; sourceTree = "<group>"; };
		8ED65051248D51E40044B32D /* OrderBook+MergeTests.swift */ = {isa = PBXFileReference; lastKnownFileType = sourcecode.swift; path = "OrderBook+MergeTests.swift"; sourceTree = "<group>"; };
		8ED65055248D52130044B32D /* OrderBookMock.swift */ = {isa = PBXFileReference; lastKnownFileType = sourcecode.swift; path = OrderBookMock.swift; sourceTree = "<group>"; };
		8ED6505B248D67350044B32D /* OrderBookOffer.swift */ = {isa = PBXFileReference; lastKnownFileType = sourcecode.swift; path = OrderBookOffer.swift; sourceTree = "<group>"; };
		8ED6505D248D7FD50044B32D /* OrderBook+UtilsTests.swift */ = {isa = PBXFileReference; lastKnownFileType = sourcecode.swift; path = "OrderBook+UtilsTests.swift"; sourceTree = "<group>"; };
		8ED6505F248E9BA00044B32D /* LoadingView.swift */ = {isa = PBXFileReference; lastKnownFileType = sourcecode.swift; path = LoadingView.swift; sourceTree = "<group>"; };
		8ED65061248EB58D0044B32D /* DevMenuLoadingViewController.swift */ = {isa = PBXFileReference; lastKnownFileType = sourcecode.swift; path = DevMenuLoadingViewController.swift; sourceTree = "<group>"; };
		8ED65063248ECBD20044B32D /* Reachability.swift */ = {isa = PBXFileReference; fileEncoding = 4; lastKnownFileType = sourcecode.swift; path = Reachability.swift; sourceTree = "<group>"; };
		8ED65066248EEBF70044B32D /* ReachabilityService.swift */ = {isa = PBXFileReference; lastKnownFileType = sourcecode.swift; path = ReachabilityService.swift; sourceTree = "<group>"; };
		8ED65068248EFA4A0044B32D /* BinanceWSErrorTests.swift */ = {isa = PBXFileReference; lastKnownFileType = sourcecode.swift; path = BinanceWSErrorTests.swift; sourceTree = "<group>"; };
		8ED6506B248FCBF20044B32D /* BinanceWSRouterTests.swift */ = {isa = PBXFileReference; lastKnownFileType = sourcecode.swift; path = BinanceWSRouterTests.swift; sourceTree = "<group>"; };
		8ED6506D248FCC490044B32D /* MarketPairMock.swift */ = {isa = PBXFileReference; lastKnownFileType = sourcecode.swift; path = MarketPairMock.swift; sourceTree = "<group>"; };
		8ED65070248FDA6A0044B32D /* BinanceAPIRouterTests.swift */ = {isa = PBXFileReference; lastKnownFileType = sourcecode.swift; path = BinanceAPIRouterTests.swift; sourceTree = "<group>"; };
		8ED65076248FE4430044B32D /* integration-tests.xctest */ = {isa = PBXFileReference; explicitFileType = wrapper.cfbundle; includeInIndex = 0; path = "integration-tests.xctest"; sourceTree = BUILT_PRODUCTS_DIR; };
		8ED65078248FE4430044B32D /* integration_tests.swift */ = {isa = PBXFileReference; lastKnownFileType = sourcecode.swift; path = integration_tests.swift; sourceTree = "<group>"; };
		8ED6507A248FE4430044B32D /* Info.plist */ = {isa = PBXFileReference; lastKnownFileType = text.plist.xml; path = Info.plist; sourceTree = "<group>"; };
		8ED65082248FE48E0044B32D /* BinanceAPITests.swift */ = {isa = PBXFileReference; lastKnownFileType = sourcecode.swift; path = BinanceAPITests.swift; sourceTree = "<group>"; };
		8ED65084248FE4F70044B32D /* BinanceAPIService.swift */ = {isa = PBXFileReference; lastKnownFileType = sourcecode.swift; path = BinanceAPIService.swift; sourceTree = "<group>"; };
		8ED65086248FE5780044B32D /* Trade.swift */ = {isa = PBXFileReference; lastKnownFileType = sourcecode.swift; path = Trade.swift; sourceTree = "<group>"; };
		8ED65088248FE66F0044B32D /* BinanceAPIError.swift */ = {isa = PBXFileReference; lastKnownFileType = sourcecode.swift; path = BinanceAPIError.swift; sourceTree = "<group>"; };
		8ED6508A248FE8530044B32D /* BinanceAPIErrorTests.swift */ = {isa = PBXFileReference; lastKnownFileType = sourcecode.swift; path = BinanceAPIErrorTests.swift; sourceTree = "<group>"; };
		8ED6508C248FECBA0044B32D /* WebSocketError.swift */ = {isa = PBXFileReference; lastKnownFileType = sourcecode.swift; path = WebSocketError.swift; sourceTree = "<group>"; };
		8ED6508E248FF1BD0044B32D /* TradeTests.swift */ = {isa = PBXFileReference; lastKnownFileType = sourcecode.swift; path = TradeTests.swift; sourceTree = "<group>"; };
		8ED65092248FF93F0044B32D /* MarketHistoryCell.swift */ = {isa = PBXFileReference; lastKnownFileType = sourcecode.swift; path = MarketHistoryCell.swift; sourceTree = "<group>"; };
		8ED65094248FF9530044B32D /* MarketHistoryCellViewModel.swift */ = {isa = PBXFileReference; lastKnownFileType = sourcecode.swift; path = MarketHistoryCellViewModel.swift; sourceTree = "<group>"; };
		8ED65096248FFA1B0044B32D /* Date+.swift */ = {isa = PBXFileReference; lastKnownFileType = sourcecode.swift; path = "Date+.swift"; sourceTree = "<group>"; };
		8ED65098248FFA2C0044B32D /* DateTests.swift */ = {isa = PBXFileReference; lastKnownFileType = sourcecode.swift; path = DateTests.swift; sourceTree = "<group>"; };
		8ED6509D249003D70044B32D /* MarketHistoryService.swift */ = {isa = PBXFileReference; lastKnownFileType = sourcecode.swift; path = MarketHistoryService.swift; sourceTree = "<group>"; };
		8ED6509F249007520044B32D /* BinanceWSService.swift */ = {isa = PBXFileReference; lastKnownFileType = sourcecode.swift; path = BinanceWSService.swift; sourceTree = "<group>"; };
		8ED650A124904BB00044B32D /* MarketHistoryHeaderView.swift */ = {isa = PBXFileReference; lastKnownFileType = sourcecode.swift; path = MarketHistoryHeaderView.swift; sourceTree = "<group>"; };
		8ED650A424904F4B0044B32D /* Metrics.swift */ = {isa = PBXFileReference; lastKnownFileType = sourcecode.swift; path = Metrics.swift; sourceTree = "<group>"; };
		8ED650A6249067050044B32D /* WSTrade.swift */ = {isa = PBXFileReference; lastKnownFileType = sourcecode.swift; path = WSTrade.swift; sourceTree = "<group>"; };
		8ED650A8249067910044B32D /* WSEvent.swift */ = {isa = PBXFileReference; lastKnownFileType = sourcecode.swift; path = WSEvent.swift; sourceTree = "<group>"; };
		8ED650AB249069030044B32D /* WSTradeTests.swift */ = {isa = PBXFileReference; lastKnownFileType = sourcecode.swift; path = WSTradeTests.swift; sourceTree = "<group>"; };
		8ED650AE24906B1E0044B32D /* WSEventTests.swift */ = {isa = PBXFileReference; lastKnownFileType = sourcecode.swift; path = WSEventTests.swift; sourceTree = "<group>"; };
		8ED650B024912D830044B32D /* SelectorView.swift */ = {isa = PBXFileReference; lastKnownFileType = sourcecode.swift; path = SelectorView.swift; sourceTree = "<group>"; };
		8ED650B324912F310044B32D /* SelectorButton.swift */ = {isa = PBXFileReference; lastKnownFileType = sourcecode.swift; path = SelectorButton.swift; sourceTree = "<group>"; };
		8ED650B5249138850044B32D /* DevMenuSelectorViewController.swift */ = {isa = PBXFileReference; lastKnownFileType = sourcecode.swift; path = DevMenuSelectorViewController.swift; sourceTree = "<group>"; };
/* End PBXFileReference section */

/* Begin PBXFrameworksBuildPhase section */
		8EA6FEF22487BE8400AC978E /* Frameworks */ = {
			isa = PBXFrameworksBuildPhase;
			buildActionMask = 2147483647;
			files = (
			);
			runOnlyForDeploymentPostprocessing = 0;
		};
		8EA6FF082487BE8500AC978E /* Frameworks */ = {
			isa = PBXFrameworksBuildPhase;
			buildActionMask = 2147483647;
			files = (
			);
			runOnlyForDeploymentPostprocessing = 0;
		};
		8ED65073248FE4430044B32D /* Frameworks */ = {
			isa = PBXFrameworksBuildPhase;
			buildActionMask = 2147483647;
			files = (
			);
			runOnlyForDeploymentPostprocessing = 0;
		};
/* End PBXFrameworksBuildPhase section */

/* Begin PBXGroup section */
		8E6835302487DA9400D84F53 /* Components */ = {
			isa = PBXGroup;
			children = (
				8EA6FF222487D72F00AC978E /* Page Controller */,
				8E92A295248805BD00D43828 /* Logger.swift */,
				8ED6502A248C0FF70044B32D /* Parser.swift */,
				8ED6505F248E9BA00044B32D /* LoadingView.swift */,
				8ED650A424904F4B0044B32D /* Metrics.swift */,
				8ED650B224912F260044B32D /* Selector */,
			);
			path = Components;
			sourceTree = "<group>";
		};
		8E6835352487E00D00D84F53 /* DevMenu */ = {
			isa = PBXGroup;
			children = (
				8EA6FEFE2487BE8400AC978E /* Main.storyboard */,
				8EA6FEFC2487BE8400AC978E /* DevMenuViewController.swift */,
				8E92A28F2487EF3700D43828 /* DevMenuPageViewController.swift */,
				8ED65061248EB58D0044B32D /* DevMenuLoadingViewController.swift */,
				8ED650B5249138850044B32D /* DevMenuSelectorViewController.swift */,
			);
			path = DevMenu;
			sourceTree = "<group>";
		};
		8E92A29F24886A9300D43828 /* Market Detail */ = {
			isa = PBXGroup;
			children = (
				8E92A2A024886AA600D43828 /* MarketDetailViewController.swift */,
				8E92A2A224886AAF00D43828 /* MarketDetailViewModel.swift */,
				8EA6AB42248A998D0017FE63 /* Order Book */,
				8EA6AB43248A99990017FE63 /* Market History */,
			);
			path = "Market Detail";
			sourceTree = "<group>";
		};
		8EA6AB42248A998D0017FE63 /* Order Book */ = {
			isa = PBXGroup;
			children = (
				8EA6AB46248A99D20017FE63 /* OrderBookViewController.swift */,
				8EA6AB48248A99EF0017FE63 /* OrderBookViewModel.swift */,
				8EA6AB52248AA8140017FE63 /* Table */,
			);
			path = "Order Book";
			sourceTree = "<group>";
		};
		8EA6AB43248A99990017FE63 /* Market History */ = {
			isa = PBXGroup;
			children = (
				8EA6AB44248A99BA0017FE63 /* MarketHistoryViewController.swift */,
				8EA6AB4A248A99F80017FE63 /* MarketHistoryViewModel.swift */,
				8ED650A124904BB00044B32D /* MarketHistoryHeaderView.swift */,
				8ED65092248FF93F0044B32D /* MarketHistoryCell.swift */,
				8ED65094248FF9530044B32D /* MarketHistoryCellViewModel.swift */,
			);
			path = "Market History";
			sourceTree = "<group>";
		};
		8EA6AB52248AA8140017FE63 /* Table */ = {
			isa = PBXGroup;
			children = (
				8EA6AB4C248AA4BD0017FE63 /* OrderBookTableView.swift */,
				8ED65001248AC9EC0044B32D /* OrderBookTableType.swift */,
				8ED65018248BBF550044B32D /* OrderBookHeaderView.swift */,
				8ED6501A248BBF640044B32D /* Cell */,
			);
			path = Table;
			sourceTree = "<group>";
		};
		8EA6FEEC2487BE8400AC978E = {
			isa = PBXGroup;
			children = (
				8E6835332487DD8800D84F53 /* README.md */,
				8EA6FEF72487BE8400AC978E /* crypto-book */,
				8EA6FF0E2487BE8500AC978E /* unit-tests */,
				8ED65077248FE4430044B32D /* integration-tests */,
				8EA6FEF62487BE8400AC978E /* Products */,
			);
			sourceTree = "<group>";
		};
		8EA6FEF62487BE8400AC978E /* Products */ = {
			isa = PBXGroup;
			children = (
				8EA6FEF52487BE8400AC978E /* crypto-book.app */,
				8EA6FF0B2487BE8500AC978E /* unit-tests.xctest */,
				8ED65076248FE4430044B32D /* integration-tests.xctest */,
			);
			name = Products;
			sourceTree = "<group>";
		};
		8EA6FEF72487BE8400AC978E /* crypto-book */ = {
			isa = PBXGroup;
			children = (
				8EA6FEF82487BE8400AC978E /* AppDelegate.swift */,
				8EA6FEFA2487BE8400AC978E /* SceneDelegate.swift */,
				8E6835352487E00D00D84F53 /* DevMenu */,
				8EA6FF1C2487BEA500AC978E /* Screens */,
				8EA6FF1B2487BEA000AC978E /* Services */,
				8EA6FF1D2487BEAF00AC978E /* Models */,
				8E6835302487DA9400D84F53 /* Components */,
				8EA6FF1A2487BE9A00AC978E /* Extensions */,
				8EA6FF1F2487BED100AC978E /* Supporting Files */,
			);
			path = "crypto-book";
			sourceTree = "<group>";
		};
		8EA6FF0E2487BE8500AC978E /* unit-tests */ = {
			isa = PBXGroup;
			children = (
				8ED65054248D520A0044B32D /* Mocks */,
				8ED65043248C51740044B32D /* Services */,
				8ED65039248C19C40044B32D /* Models */,
				8ED65035248C19A40044B32D /* Extensions */,
				8EA6FF212487BF0B00AC978E /* Supporting Files */,
			);
			path = "unit-tests";
			sourceTree = "<group>";
		};
		8EA6FF1A2487BE9A00AC978E /* Extensions */ = {
			isa = PBXGroup;
			children = (
				8E92A28B2487EB7300D43828 /* Array+.swift */,
				8E92A28D2487ED2200D43828 /* UIView+.swift */,
				8E92A2912487F18E00D43828 /* UIColor+.swift */,
				8ED6501B248BC1B10044B32D /* UIFont+.swift */,
				8E92A2992488405F00D43828 /* String+.swift */,
				8E92A29B2488409500D43828 /* Int+.swift */,
				8EA6AB3B248A84D20017FE63 /* Localizable+.swift */,
				8ED65003248AD0B00044B32D /* Double+.swift */,
				8ED65028248C0F460044B32D /* URLSessionWebSocketTaskMessage+.swift */,
				8ED6503C248C24430044B32D /* JSONDecoder+.swift */,
				8ED6504B248C5AC50044B32D /* Result+.swift */,
				8ED6504D248C68040044B32D /* Optional+.swift */,
				8ED65096248FFA1B0044B32D /* Date+.swift */,
			);
			path = Extensions;
			sourceTree = "<group>";
		};
		8EA6FF1B2487BEA000AC978E /* Services */ = {
			isa = PBXGroup;
			children = (
				8ED6503E248C508A0044B32D /* API */,
				8ED65021248BF0830044B32D /* WebSocket */,
				8ED65065248ECBD60044B32D /* Reachability */,
				8ED65009248ADF2D0044B32D /* OrderBookService.swift */,
				8ED6509D249003D70044B32D /* MarketHistoryService.swift */,
			);
			path = Services;
			sourceTree = "<group>";
		};
		8EA6FF1C2487BEA500AC978E /* Screens */ = {
			isa = PBXGroup;
			children = (
				8E92A29F24886A9300D43828 /* Market Detail */,
			);
			path = Screens;
			sourceTree = "<group>";
		};
		8EA6FF1D2487BEAF00AC978E /* Models */ = {
			isa = PBXGroup;
			children = (
				8EA6AB40248A97ED0017FE63 /* MarketPair.swift */,
				8ED65007248ADE460044B32D /* OrderBook.swift */,
				8ED6505B248D67350044B32D /* OrderBookOffer.swift */,
				8ED6504F248D4F050044B32D /* OrderBook+Utils.swift */,
				8ED65086248FE5780044B32D /* Trade.swift */,
				8ED650AA249067CF0044B32D /* WebSocket */,
			);
			path = Models;
			sourceTree = "<group>";
		};
		8EA6FF1F2487BED100AC978E /* Supporting Files */ = {
			isa = PBXGroup;
			children = (
				8EA6FF012487BE8500AC978E /* Assets.xcassets */,
				8EA6FF032487BE8500AC978E /* LaunchScreen.storyboard */,
				8EA6FF062487BE8500AC978E /* Info.plist */,
				8EA6AB39248A846A0017FE63 /* Localizable.strings */,
			);
			name = "Supporting Files";
			sourceTree = "<group>";
		};
		8EA6FF212487BF0B00AC978E /* Supporting Files */ = {
			isa = PBXGroup;
			children = (
				8EA6FF112487BE8500AC978E /* Info.plist */,
			);
			name = "Supporting Files";
			sourceTree = "<group>";
		};
		8EA6FF222487D72F00AC978E /* Page Controller */ = {
			isa = PBXGroup;
			children = (
				8E6835312487DAD700D84F53 /* PageViewController.swift */,
				8E92A2972488346A00D43828 /* PageMenuView.swift */,
				8ED65010248AF47E0044B32D /* ChildPageViewController.swift */,
			);
			path = "Page Controller";
			sourceTree = "<group>";
		};
		8ED6501A248BBF640044B32D /* Cell */ = {
			isa = PBXGroup;
			children = (
				8EA6AB50248AA6EE0017FE63 /* OrderBookCell.swift */,
				8ED65016248B158E0044B32D /* OrderBookBidCell.swift */,
				8ED65014248B14530044B32D /* OrderBookAskCell.swift */,
				8EA6AB4E248AA6E60017FE63 /* OrderBookCellViewModel.swift */,
			);
			path = Cell;
			sourceTree = "<group>";
		};
		8ED65021248BF0830044B32D /* WebSocket */ = {
			isa = PBXGroup;
			children = (
				8ED6501D248BD2A40044B32D /* WebSocketService.swift */,
				8ED6508C248FECBA0044B32D /* WebSocketError.swift */,
				8ED65030248C13580044B32D /* Binance WebSocket */,
			);
			path = WebSocket;
			sourceTree = "<group>";
		};
		8ED65030248C13580044B32D /* Binance WebSocket */ = {
			isa = PBXGroup;
			children = (
				8ED6509F249007520044B32D /* BinanceWSService.swift */,
				8ED6501F248BE69B0044B32D /* BinanceWSRouter.swift */,
				8ED6502E248C12EA0044B32D /* BinanceWSError.swift */,
				8ED65031248C17220044B32D /* BinanceWSEventType.swift */,
			);
			path = "Binance WebSocket";
			sourceTree = "<group>";
		};
		8ED65035248C19A40044B32D /* Extensions */ = {
			isa = PBXGroup;
			children = (
				8EA6AB3E248A85020017FE63 /* ArrayTests.swift */,
				8ED65005248AD0F60044B32D /* DoubleTests.swift */,
				8ED65098248FFA2C0044B32D /* DateTests.swift */,
			);
			path = Extensions;
			sourceTree = "<group>";
		};
		8ED65039248C19C40044B32D /* Models */ = {
			isa = PBXGroup;
			children = (
				8ED65049248C5A330044B32D /* OrderBookTests.swift */,
				8ED65051248D51E40044B32D /* OrderBook+MergeTests.swift */,
				8ED6505D248D7FD50044B32D /* OrderBook+UtilsTests.swift */,
				8ED6508E248FF1BD0044B32D /* TradeTests.swift */,
				8ED650AD24906B0A0044B32D /* WebSocket */,
			);
			path = Models;
			sourceTree = "<group>";
		};
		8ED6503E248C508A0044B32D /* API */ = {
			isa = PBXGroup;
			children = (
				8ED6503F248C50970044B32D /* APIService.swift */,
				8ED65041248C513C0044B32D /* APIError.swift */,
				8ED65046248C51B50044B32D /* Binance API */,
			);
			path = API;
			sourceTree = "<group>";
		};
		8ED65043248C51740044B32D /* Services */ = {
			isa = PBXGroup;
			children = (
				8ED6506F248FDA570044B32D /* API */,
				8ED6506A248EFA4F0044B32D /* WebSocket */,
			);
			path = Services;
			sourceTree = "<group>";
		};
		8ED65046248C51B50044B32D /* Binance API */ = {
			isa = PBXGroup;
			children = (
				8ED65084248FE4F70044B32D /* BinanceAPIService.swift */,
				8ED65047248C51C20044B32D /* BinanceAPIRouter.swift */,
				8ED65088248FE66F0044B32D /* BinanceAPIError.swift */,
			);
			path = "Binance API";
			sourceTree = "<group>";
		};
		8ED65054248D520A0044B32D /* Mocks */ = {
			isa = PBXGroup;
			children = (
				8ED65055248D52130044B32D /* OrderBookMock.swift */,
				8ED6506D248FCC490044B32D /* MarketPairMock.swift */,
			);
			path = Mocks;
			sourceTree = "<group>";
		};
		8ED65065248ECBD60044B32D /* Reachability */ = {
			isa = PBXGroup;
			children = (
				8ED65066248EEBF70044B32D /* ReachabilityService.swift */,
				8ED65063248ECBD20044B32D /* Reachability.swift */,
			);
			path = Reachability;
			sourceTree = "<group>";
		};
		8ED6506A248EFA4F0044B32D /* WebSocket */ = {
			isa = PBXGroup;
			children = (
				8ED65068248EFA4A0044B32D /* BinanceWSErrorTests.swift */,
				8ED6506B248FCBF20044B32D /* BinanceWSRouterTests.swift */,
			);
			path = WebSocket;
			sourceTree = "<group>";
		};
		8ED6506F248FDA570044B32D /* API */ = {
			isa = PBXGroup;
			children = (
				8ED6508A248FE8530044B32D /* BinanceAPIErrorTests.swift */,
				8ED65070248FDA6A0044B32D /* BinanceAPIRouterTests.swift */,
			);
			path = API;
			sourceTree = "<group>";
		};
		8ED65077248FE4430044B32D /* integration-tests */ = {
			isa = PBXGroup;
			children = (
				8ED65080248FE44E0044B32D /* API */,
				8ED65078248FE4430044B32D /* integration_tests.swift */,
				8ED6507A248FE4430044B32D /* Info.plist */,
			);
			path = "integration-tests";
			sourceTree = "<group>";
		};
		8ED65080248FE44E0044B32D /* API */ = {
			isa = PBXGroup;
			children = (
				8ED65044248C517C0044B32D /* APIServiceTests.swift */,
				8ED65082248FE48E0044B32D /* BinanceAPITests.swift */,
			);
			path = API;
			sourceTree = "<group>";
		};
		8ED650AA249067CF0044B32D /* WebSocket */ = {
			isa = PBXGroup;
			children = (
				8ED650A8249067910044B32D /* WSEvent.swift */,
				8ED6502C248C12170044B32D /* WSOrderBookDiff.swift */,
				8ED650A6249067050044B32D /* WSTrade.swift */,
			);
			path = WebSocket;
			sourceTree = "<group>";
		};
		8ED650AD24906B0A0044B32D /* WebSocket */ = {
			isa = PBXGroup;
			children = (
				8ED650AE24906B1E0044B32D /* WSEventTests.swift */,
				8ED6503A248C19D30044B32D /* WSOrderBookDiffTests.swift */,
				8ED650AB249069030044B32D /* WSTradeTests.swift */,
			);
			path = WebSocket;
			sourceTree = "<group>";
		};
		8ED650B224912F260044B32D /* Selector */ = {
			isa = PBXGroup;
			children = (
				8ED650B024912D830044B32D /* SelectorView.swift */,
				8ED650B324912F310044B32D /* SelectorButton.swift */,
			);
			path = Selector;
			sourceTree = "<group>";
		};
/* End PBXGroup section */

/* Begin PBXNativeTarget section */
		8EA6FEF42487BE8400AC978E /* crypto-book */ = {
			isa = PBXNativeTarget;
			buildConfigurationList = 8EA6FF142487BE8500AC978E /* Build configuration list for PBXNativeTarget "crypto-book" */;
			buildPhases = (
				8EA6FEF12487BE8400AC978E /* Sources */,
				8EA6FEF22487BE8400AC978E /* Frameworks */,
				8EA6FEF32487BE8400AC978E /* Resources */,
			);
			buildRules = (
			);
			dependencies = (
			);
			name = "crypto-book";
			productName = "crypto-book";
			productReference = 8EA6FEF52487BE8400AC978E /* crypto-book.app */;
			productType = "com.apple.product-type.application";
		};
		8EA6FF0A2487BE8500AC978E /* unit-tests */ = {
			isa = PBXNativeTarget;
			buildConfigurationList = 8EA6FF172487BE8500AC978E /* Build configuration list for PBXNativeTarget "unit-tests" */;
			buildPhases = (
				8EA6FF072487BE8500AC978E /* Sources */,
				8EA6FF082487BE8500AC978E /* Frameworks */,
				8EA6FF092487BE8500AC978E /* Resources */,
			);
			buildRules = (
			);
			dependencies = (
				8EA6FF0D2487BE8500AC978E /* PBXTargetDependency */,
			);
			name = "unit-tests";
			productName = "crypto-bookTests";
			productReference = 8EA6FF0B2487BE8500AC978E /* unit-tests.xctest */;
			productType = "com.apple.product-type.bundle.unit-test";
		};
		8ED65075248FE4430044B32D /* integration-tests */ = {
			isa = PBXNativeTarget;
			buildConfigurationList = 8ED6507D248FE4430044B32D /* Build configuration list for PBXNativeTarget "integration-tests" */;
			buildPhases = (
				8ED65072248FE4430044B32D /* Sources */,
				8ED65073248FE4430044B32D /* Frameworks */,
				8ED65074248FE4430044B32D /* Resources */,
			);
			buildRules = (
			);
			dependencies = (
				8ED6507C248FE4430044B32D /* PBXTargetDependency */,
			);
			name = "integration-tests";
			productName = "integration-tests";
			productReference = 8ED65076248FE4430044B32D /* integration-tests.xctest */;
			productType = "com.apple.product-type.bundle.unit-test";
		};
/* End PBXNativeTarget section */

/* Begin PBXProject section */
		8EA6FEED2487BE8400AC978E /* Project object */ = {
			isa = PBXProject;
			attributes = {
				LastSwiftUpdateCheck = 1150;
				LastUpgradeCheck = 1150;
				ORGANIZATIONNAME = nestor;
				TargetAttributes = {
					8EA6FEF42487BE8400AC978E = {
						CreatedOnToolsVersion = 11.5;
					};
					8EA6FF0A2487BE8500AC978E = {
						CreatedOnToolsVersion = 11.5;
						TestTargetID = 8EA6FEF42487BE8400AC978E;
					};
					8ED65075248FE4430044B32D = {
						CreatedOnToolsVersion = 11.5;
						TestTargetID = 8EA6FEF42487BE8400AC978E;
					};
				};
			};
			buildConfigurationList = 8EA6FEF02487BE8400AC978E /* Build configuration list for PBXProject "crypto-book" */;
			compatibilityVersion = "Xcode 9.3";
			developmentRegion = en;
			hasScannedForEncodings = 0;
			knownRegions = (
				en,
				Base,
			);
			mainGroup = 8EA6FEEC2487BE8400AC978E;
			productRefGroup = 8EA6FEF62487BE8400AC978E /* Products */;
			projectDirPath = "";
			projectRoot = "";
			targets = (
				8EA6FEF42487BE8400AC978E /* crypto-book */,
				8EA6FF0A2487BE8500AC978E /* unit-tests */,
				8ED65075248FE4430044B32D /* integration-tests */,
			);
		};
/* End PBXProject section */

/* Begin PBXResourcesBuildPhase section */
		8EA6FEF32487BE8400AC978E /* Resources */ = {
			isa = PBXResourcesBuildPhase;
			buildActionMask = 2147483647;
			files = (
				8EA6AB3A248A846A0017FE63 /* Localizable.strings in Resources */,
				8EA6FF052487BE8500AC978E /* LaunchScreen.storyboard in Resources */,
				8EA6FF022487BE8500AC978E /* Assets.xcassets in Resources */,
				8E6835342487DD8800D84F53 /* README.md in Resources */,
				8EA6FF002487BE8400AC978E /* Main.storyboard in Resources */,
			);
			runOnlyForDeploymentPostprocessing = 0;
		};
		8EA6FF092487BE8500AC978E /* Resources */ = {
			isa = PBXResourcesBuildPhase;
			buildActionMask = 2147483647;
			files = (
			);
			runOnlyForDeploymentPostprocessing = 0;
		};
		8ED65074248FE4430044B32D /* Resources */ = {
			isa = PBXResourcesBuildPhase;
			buildActionMask = 2147483647;
			files = (
			);
			runOnlyForDeploymentPostprocessing = 0;
		};
/* End PBXResourcesBuildPhase section */

/* Begin PBXSourcesBuildPhase section */
		8EA6FEF12487BE8400AC978E /* Sources */ = {
			isa = PBXSourcesBuildPhase;
			buildActionMask = 2147483647;
			files = (
				8ED6509E249003D70044B32D /* MarketHistoryService.swift in Sources */,
				8ED65062248EB58D0044B32D /* DevMenuLoadingViewController.swift in Sources */,
				8ED650A7249067050044B32D /* WSTrade.swift in Sources */,
				8EA6FEFD2487BE8400AC978E /* DevMenuViewController.swift in Sources */,
				8EA6AB4B248A99F80017FE63 /* MarketHistoryViewModel.swift in Sources */,
				8ED650A524904F4B0044B32D /* Metrics.swift in Sources */,
				8ED650B424912F310044B32D /* SelectorButton.swift in Sources */,
				8E92A296248805BD00D43828 /* Logger.swift in Sources */,
				8ED65020248BE69B0044B32D /* BinanceWSRouter.swift in Sources */,
				8ED6500A248ADF2D0044B32D /* OrderBookService.swift in Sources */,
				8ED6502D248C12170044B32D /* WSOrderBookDiff.swift in Sources */,
				8ED650B6249138850044B32D /* DevMenuSelectorViewController.swift in Sources */,
				8ED65015248B14530044B32D /* OrderBookAskCell.swift in Sources */,
				8ED65029248C0F460044B32D /* URLSessionWebSocketTaskMessage+.swift in Sources */,
				8ED65017248B158E0044B32D /* OrderBookBidCell.swift in Sources */,
				8ED65042248C513C0044B32D /* APIError.swift in Sources */,
				8ED65048248C51C20044B32D /* BinanceAPIRouter.swift in Sources */,
				8EA6AB4D248AA4BD0017FE63 /* OrderBookTableView.swift in Sources */,
				8ED65087248FE5780044B32D /* Trade.swift in Sources */,
				8E92A29C2488409500D43828 /* Int+.swift in Sources */,
				8ED6508D248FECBA0044B32D /* WebSocketError.swift in Sources */,
				8ED6502B248C0FF70044B32D /* Parser.swift in Sources */,
				8ED65097248FFA1B0044B32D /* Date+.swift in Sources */,
				8ED650A224904BB00044B32D /* MarketHistoryHeaderView.swift in Sources */,
				8ED6501E248BD2A40044B32D /* WebSocketService.swift in Sources */,
				8EA6AB45248A99BA0017FE63 /* MarketHistoryViewController.swift in Sources */,
				8ED6504C248C5AC50044B32D /* Result+.swift in Sources */,
				8ED65067248EEBF70044B32D /* ReachabilityService.swift in Sources */,
				8ED65040248C50970044B32D /* APIService.swift in Sources */,
				8E92A28C2487EB7300D43828 /* Array+.swift in Sources */,
				8ED6502F248C12EA0044B32D /* BinanceWSError.swift in Sources */,
				8ED6505C248D67350044B32D /* OrderBookOffer.swift in Sources */,
				8E92A2902487EF3700D43828 /* DevMenuPageViewController.swift in Sources */,
				8E92A28E2487ED2200D43828 /* UIView+.swift in Sources */,
				8ED65095248FF9530044B32D /* MarketHistoryCellViewModel.swift in Sources */,
				8EA6FEF92487BE8400AC978E /* AppDelegate.swift in Sources */,
				8ED65050248D4F050044B32D /* OrderBook+Utils.swift in Sources */,
				8ED6504E248C68040044B32D /* Optional+.swift in Sources */,
				8EA6FEFB2487BE8400AC978E /* SceneDelegate.swift in Sources */,
				8ED65085248FE4F70044B32D /* BinanceAPIService.swift in Sources */,
				8E6835322487DAD700D84F53 /* PageViewController.swift in Sources */,
				8ED65064248ECBD20044B32D /* Reachability.swift in Sources */,
				8ED65002248AC9EC0044B32D /* OrderBookTableType.swift in Sources */,
				8ED6501C248BC1B10044B32D /* UIFont+.swift in Sources */,
				8ED65032248C17220044B32D /* BinanceWSEventType.swift in Sources */,
				8ED650A0249007520044B32D /* BinanceWSService.swift in Sources */,
				8ED65093248FF93F0044B32D /* MarketHistoryCell.swift in Sources */,
				8ED65004248AD0B00044B32D /* Double+.swift in Sources */,
				8ED650A9249067910044B32D /* WSEvent.swift in Sources */,
				8EA6AB51248AA6EE0017FE63 /* OrderBookCell.swift in Sources */,
				8ED65060248E9BA00044B32D /* LoadingView.swift in Sources */,
				8ED65019248BBF550044B32D /* OrderBookHeaderView.swift in Sources */,
				8EA6AB3C248A84D20017FE63 /* Localizable+.swift in Sources */,
				8ED6503D248C24430044B32D /* JSONDecoder+.swift in Sources */,
				8E92A2A124886AA600D43828 /* MarketDetailViewController.swift in Sources */,
				8E92A2A324886AAF00D43828 /* MarketDetailViewModel.swift in Sources */,
				8ED65089248FE66F0044B32D /* BinanceAPIError.swift in Sources */,
				8ED65008248ADE460044B32D /* OrderBook.swift in Sources */,
				8EA6AB49248A99EF0017FE63 /* OrderBookViewModel.swift in Sources */,
				8E92A2982488346A00D43828 /* PageMenuView.swift in Sources */,
				8ED65011248AF47E0044B32D /* ChildPageViewController.swift in Sources */,
				8EA6AB47248A99D20017FE63 /* OrderBookViewController.swift in Sources */,
				8EA6AB41248A97ED0017FE63 /* MarketPair.swift in Sources */,
				8E92A29A2488405F00D43828 /* String+.swift in Sources */,
				8EA6AB4F248AA6E60017FE63 /* OrderBookCellViewModel.swift in Sources */,
				8E92A2922487F18E00D43828 /* UIColor+.swift in Sources */,
				8ED650B124912D830044B32D /* SelectorView.swift in Sources */,
			);
			runOnlyForDeploymentPostprocessing = 0;
		};
		8EA6FF072487BE8500AC978E /* Sources */ = {
			isa = PBXSourcesBuildPhase;
			buildActionMask = 2147483647;
			files = (
				8ED650AF24906B1E0044B32D /* WSEventTests.swift in Sources */,
				8ED6508B248FE8530044B32D /* BinanceAPIErrorTests.swift in Sources */,
				8ED65052248D51E40044B32D /* OrderBook+MergeTests.swift in Sources */,
				8ED6504A248C5A330044B32D /* OrderBookTests.swift in Sources */,
				8ED65099248FFA2C0044B32D /* DateTests.swift in Sources */,
				8ED65071248FDA6A0044B32D /* BinanceAPIRouterTests.swift in Sources */,
				8ED65006248AD0F60044B32D /* DoubleTests.swift in Sources */,
				8ED6503B248C19D30044B32D /* WSOrderBookDiffTests.swift in Sources */,
				8ED6506E248FCC490044B32D /* MarketPairMock.swift in Sources */,
				8ED6508F248FF1BD0044B32D /* TradeTests.swift in Sources */,
				8ED650AC249069030044B32D /* WSTradeTests.swift in Sources */,
				8ED65069248EFA4A0044B32D /* BinanceWSErrorTests.swift in Sources */,
				8EA6AB3F248A85020017FE63 /* ArrayTests.swift in Sources */,
				8ED6505E248D7FD50044B32D /* OrderBook+UtilsTests.swift in Sources */,
				8ED6506C248FCBF20044B32D /* BinanceWSRouterTests.swift in Sources */,
				8ED65056248D52130044B32D /* OrderBookMock.swift in Sources */,
			);
			runOnlyForDeploymentPostprocessing = 0;
		};
		8ED65072248FE4430044B32D /* Sources */ = {
			isa = PBXSourcesBuildPhase;
			buildActionMask = 2147483647;
			files = (
				8ED6509B248FFFE60044B32D /* BinanceAPITests.swift in Sources */,
				8ED6509C248FFFEB0044B32D /* MarketPairMock.swift in Sources */,
				8ED65081248FE4590044B32D /* APIServiceTests.swift in Sources */,
				8ED65079248FE4430044B32D /* integration_tests.swift in Sources */,
			);
			runOnlyForDeploymentPostprocessing = 0;
		};
/* End PBXSourcesBuildPhase section */

/* Begin PBXTargetDependency section */
		8EA6FF0D2487BE8500AC978E /* PBXTargetDependency */ = {
			isa = PBXTargetDependency;
			target = 8EA6FEF42487BE8400AC978E /* crypto-book */;
			targetProxy = 8EA6FF0C2487BE8500AC978E /* PBXContainerItemProxy */;
		};
		8ED6507C248FE4430044B32D /* PBXTargetDependency */ = {
			isa = PBXTargetDependency;
			target = 8EA6FEF42487BE8400AC978E /* crypto-book */;
			targetProxy = 8ED6507B248FE4430044B32D /* PBXContainerItemProxy */;
		};
/* End PBXTargetDependency section */

/* Begin PBXVariantGroup section */
		8EA6FEFE2487BE8400AC978E /* Main.storyboard */ = {
			isa = PBXVariantGroup;
			children = (
				8EA6FEFF2487BE8400AC978E /* Base */,
			);
			name = Main.storyboard;
			sourceTree = "<group>";
		};
		8EA6FF032487BE8500AC978E /* LaunchScreen.storyboard */ = {
			isa = PBXVariantGroup;
			children = (
				8EA6FF042487BE8500AC978E /* Base */,
			);
			name = LaunchScreen.storyboard;
			sourceTree = "<group>";
		};
/* End PBXVariantGroup section */

/* Begin XCBuildConfiguration section */
		8EA6FF122487BE8500AC978E /* Debug */ = {
			isa = XCBuildConfiguration;
			buildSettings = {
				ALWAYS_SEARCH_USER_PATHS = NO;
				CLANG_ANALYZER_NONNULL = YES;
				CLANG_ANALYZER_NUMBER_OBJECT_CONVERSION = YES_AGGRESSIVE;
				CLANG_CXX_LANGUAGE_STANDARD = "gnu++14";
				CLANG_CXX_LIBRARY = "libc++";
				CLANG_ENABLE_MODULES = YES;
				CLANG_ENABLE_OBJC_ARC = YES;
				CLANG_ENABLE_OBJC_WEAK = YES;
				CLANG_WARN_BLOCK_CAPTURE_AUTORELEASING = YES;
				CLANG_WARN_BOOL_CONVERSION = YES;
				CLANG_WARN_COMMA = YES;
				CLANG_WARN_CONSTANT_CONVERSION = YES;
				CLANG_WARN_DEPRECATED_OBJC_IMPLEMENTATIONS = YES;
				CLANG_WARN_DIRECT_OBJC_ISA_USAGE = YES_ERROR;
				CLANG_WARN_DOCUMENTATION_COMMENTS = YES;
				CLANG_WARN_EMPTY_BODY = YES;
				CLANG_WARN_ENUM_CONVERSION = YES;
				CLANG_WARN_INFINITE_RECURSION = YES;
				CLANG_WARN_INT_CONVERSION = YES;
				CLANG_WARN_NON_LITERAL_NULL_CONVERSION = YES;
				CLANG_WARN_OBJC_IMPLICIT_RETAIN_SELF = YES;
				CLANG_WARN_OBJC_LITERAL_CONVERSION = YES;
				CLANG_WARN_OBJC_ROOT_CLASS = YES_ERROR;
				CLANG_WARN_RANGE_LOOP_ANALYSIS = YES;
				CLANG_WARN_STRICT_PROTOTYPES = YES;
				CLANG_WARN_SUSPICIOUS_MOVE = YES;
				CLANG_WARN_UNGUARDED_AVAILABILITY = YES_AGGRESSIVE;
				CLANG_WARN_UNREACHABLE_CODE = YES;
				CLANG_WARN__DUPLICATE_METHOD_MATCH = YES;
				COPY_PHASE_STRIP = NO;
				DEBUG_INFORMATION_FORMAT = dwarf;
				ENABLE_STRICT_OBJC_MSGSEND = YES;
				ENABLE_TESTABILITY = YES;
				GCC_C_LANGUAGE_STANDARD = gnu11;
				GCC_DYNAMIC_NO_PIC = NO;
				GCC_NO_COMMON_BLOCKS = YES;
				GCC_OPTIMIZATION_LEVEL = 0;
				GCC_PREPROCESSOR_DEFINITIONS = (
					"DEBUG=1",
					"$(inherited)",
				);
				GCC_WARN_64_TO_32_BIT_CONVERSION = YES;
				GCC_WARN_ABOUT_RETURN_TYPE = YES_ERROR;
				GCC_WARN_UNDECLARED_SELECTOR = YES;
				GCC_WARN_UNINITIALIZED_AUTOS = YES_AGGRESSIVE;
				GCC_WARN_UNUSED_FUNCTION = YES;
				GCC_WARN_UNUSED_VARIABLE = YES;
				IPHONEOS_DEPLOYMENT_TARGET = 13.5;
				MTL_ENABLE_DEBUG_INFO = INCLUDE_SOURCE;
				MTL_FAST_MATH = YES;
				ONLY_ACTIVE_ARCH = YES;
				SDKROOT = iphoneos;
				SWIFT_ACTIVE_COMPILATION_CONDITIONS = DEBUG;
				SWIFT_OPTIMIZATION_LEVEL = "-Onone";
			};
			name = Debug;
		};
		8EA6FF132487BE8500AC978E /* Release */ = {
			isa = XCBuildConfiguration;
			buildSettings = {
				ALWAYS_SEARCH_USER_PATHS = NO;
				CLANG_ANALYZER_NONNULL = YES;
				CLANG_ANALYZER_NUMBER_OBJECT_CONVERSION = YES_AGGRESSIVE;
				CLANG_CXX_LANGUAGE_STANDARD = "gnu++14";
				CLANG_CXX_LIBRARY = "libc++";
				CLANG_ENABLE_MODULES = YES;
				CLANG_ENABLE_OBJC_ARC = YES;
				CLANG_ENABLE_OBJC_WEAK = YES;
				CLANG_WARN_BLOCK_CAPTURE_AUTORELEASING = YES;
				CLANG_WARN_BOOL_CONVERSION = YES;
				CLANG_WARN_COMMA = YES;
				CLANG_WARN_CONSTANT_CONVERSION = YES;
				CLANG_WARN_DEPRECATED_OBJC_IMPLEMENTATIONS = YES;
				CLANG_WARN_DIRECT_OBJC_ISA_USAGE = YES_ERROR;
				CLANG_WARN_DOCUMENTATION_COMMENTS = YES;
				CLANG_WARN_EMPTY_BODY = YES;
				CLANG_WARN_ENUM_CONVERSION = YES;
				CLANG_WARN_INFINITE_RECURSION = YES;
				CLANG_WARN_INT_CONVERSION = YES;
				CLANG_WARN_NON_LITERAL_NULL_CONVERSION = YES;
				CLANG_WARN_OBJC_IMPLICIT_RETAIN_SELF = YES;
				CLANG_WARN_OBJC_LITERAL_CONVERSION = YES;
				CLANG_WARN_OBJC_ROOT_CLASS = YES_ERROR;
				CLANG_WARN_RANGE_LOOP_ANALYSIS = YES;
				CLANG_WARN_STRICT_PROTOTYPES = YES;
				CLANG_WARN_SUSPICIOUS_MOVE = YES;
				CLANG_WARN_UNGUARDED_AVAILABILITY = YES_AGGRESSIVE;
				CLANG_WARN_UNREACHABLE_CODE = YES;
				CLANG_WARN__DUPLICATE_METHOD_MATCH = YES;
				COPY_PHASE_STRIP = NO;
				DEBUG_INFORMATION_FORMAT = "dwarf-with-dsym";
				ENABLE_NS_ASSERTIONS = NO;
				ENABLE_STRICT_OBJC_MSGSEND = YES;
				GCC_C_LANGUAGE_STANDARD = gnu11;
				GCC_NO_COMMON_BLOCKS = YES;
				GCC_WARN_64_TO_32_BIT_CONVERSION = YES;
				GCC_WARN_ABOUT_RETURN_TYPE = YES_ERROR;
				GCC_WARN_UNDECLARED_SELECTOR = YES;
				GCC_WARN_UNINITIALIZED_AUTOS = YES_AGGRESSIVE;
				GCC_WARN_UNUSED_FUNCTION = YES;
				GCC_WARN_UNUSED_VARIABLE = YES;
				IPHONEOS_DEPLOYMENT_TARGET = 13.5;
				MTL_ENABLE_DEBUG_INFO = NO;
				MTL_FAST_MATH = YES;
				SDKROOT = iphoneos;
				SWIFT_COMPILATION_MODE = wholemodule;
				SWIFT_OPTIMIZATION_LEVEL = "-O";
				VALIDATE_PRODUCT = YES;
			};
			name = Release;
		};
		8EA6FF152487BE8500AC978E /* Debug */ = {
			isa = XCBuildConfiguration;
			buildSettings = {
				ASSETCATALOG_COMPILER_APPICON_NAME = AppIcon;
				CODE_SIGN_STYLE = Automatic;
				INFOPLIST_FILE = "crypto-book/Info.plist";
				LD_RUNPATH_SEARCH_PATHS = (
					"$(inherited)",
					"@executable_path/Frameworks",
				);
				PRODUCT_BUNDLE_IDENTIFIER = "com.nestor.crypto-book";
				PRODUCT_NAME = "$(TARGET_NAME)";
				SWIFT_VERSION = 5.0;
				TARGETED_DEVICE_FAMILY = "1,2";
			};
			name = Debug;
		};
		8EA6FF162487BE8500AC978E /* Release */ = {
			isa = XCBuildConfiguration;
			buildSettings = {
				ASSETCATALOG_COMPILER_APPICON_NAME = AppIcon;
				CODE_SIGN_STYLE = Automatic;
				INFOPLIST_FILE = "crypto-book/Info.plist";
				LD_RUNPATH_SEARCH_PATHS = (
					"$(inherited)",
					"@executable_path/Frameworks",
				);
				PRODUCT_BUNDLE_IDENTIFIER = "com.nestor.crypto-book";
				PRODUCT_NAME = "$(TARGET_NAME)";
				SWIFT_VERSION = 5.0;
				TARGETED_DEVICE_FAMILY = "1,2";
			};
			name = Release;
		};
		8EA6FF182487BE8500AC978E /* Debug */ = {
			isa = XCBuildConfiguration;
			buildSettings = {
				ALWAYS_EMBED_SWIFT_STANDARD_LIBRARIES = YES;
				BUNDLE_LOADER = "$(TEST_HOST)";
				CODE_SIGN_STYLE = Automatic;
				INFOPLIST_FILE = "unit-tests/Info.plist";
				IPHONEOS_DEPLOYMENT_TARGET = 13.5;
				LD_RUNPATH_SEARCH_PATHS = (
					"$(inherited)",
					"@executable_path/Frameworks",
					"@loader_path/Frameworks",
				);
				PRODUCT_BUNDLE_IDENTIFIER = "com.nestor.crypto-bookTests";
				PRODUCT_NAME = "$(TARGET_NAME)";
				SWIFT_VERSION = 5.0;
				TARGETED_DEVICE_FAMILY = "1,2";
				TEST_HOST = "$(BUILT_PRODUCTS_DIR)/crypto-book.app/crypto-book";
			};
			name = Debug;
		};
		8EA6FF192487BE8500AC978E /* Release */ = {
			isa = XCBuildConfiguration;
			buildSettings = {
				ALWAYS_EMBED_SWIFT_STANDARD_LIBRARIES = YES;
				BUNDLE_LOADER = "$(TEST_HOST)";
				CODE_SIGN_STYLE = Automatic;
				INFOPLIST_FILE = "unit-tests/Info.plist";
				IPHONEOS_DEPLOYMENT_TARGET = 13.5;
				LD_RUNPATH_SEARCH_PATHS = (
					"$(inherited)",
					"@executable_path/Frameworks",
					"@loader_path/Frameworks",
				);
				PRODUCT_BUNDLE_IDENTIFIER = "com.nestor.crypto-bookTests";
				PRODUCT_NAME = "$(TARGET_NAME)";
				SWIFT_VERSION = 5.0;
				TARGETED_DEVICE_FAMILY = "1,2";
				TEST_HOST = "$(BUILT_PRODUCTS_DIR)/crypto-book.app/crypto-book";
			};
			name = Release;
		};
		8ED6507E248FE4430044B32D /* Debug */ = {
			isa = XCBuildConfiguration;
			buildSettings = {
				BUNDLE_LOADER = "$(TEST_HOST)";
				CODE_SIGN_STYLE = Automatic;
				INFOPLIST_FILE = "integration-tests/Info.plist";
				LD_RUNPATH_SEARCH_PATHS = (
					"$(inherited)",
					"@executable_path/Frameworks",
					"@loader_path/Frameworks",
				);
				PRODUCT_BUNDLE_IDENTIFIER = "com.nestor.integration-tests";
				PRODUCT_NAME = "$(TARGET_NAME)";
				SWIFT_VERSION = 5.0;
				TARGETED_DEVICE_FAMILY = "1,2";
				TEST_HOST = "$(BUILT_PRODUCTS_DIR)/crypto-book.app/crypto-book";
			};
			name = Debug;
		};
		8ED6507F248FE4430044B32D /* Release */ = {
			isa = XCBuildConfiguration;
			buildSettings = {
				BUNDLE_LOADER = "$(TEST_HOST)";
				CODE_SIGN_STYLE = Automatic;
				INFOPLIST_FILE = "integration-tests/Info.plist";
				LD_RUNPATH_SEARCH_PATHS = (
					"$(inherited)",
					"@executable_path/Frameworks",
					"@loader_path/Frameworks",
				);
				PRODUCT_BUNDLE_IDENTIFIER = "com.nestor.integration-tests";
				PRODUCT_NAME = "$(TARGET_NAME)";
				SWIFT_VERSION = 5.0;
				TARGETED_DEVICE_FAMILY = "1,2";
				TEST_HOST = "$(BUILT_PRODUCTS_DIR)/crypto-book.app/crypto-book";
			};
			name = Release;
		};
/* End XCBuildConfiguration section */

/* Begin XCConfigurationList section */
		8EA6FEF02487BE8400AC978E /* Build configuration list for PBXProject "crypto-book" */ = {
			isa = XCConfigurationList;
			buildConfigurations = (
				8EA6FF122487BE8500AC978E /* Debug */,
				8EA6FF132487BE8500AC978E /* Release */,
			);
			defaultConfigurationIsVisible = 0;
			defaultConfigurationName = Release;
		};
		8EA6FF142487BE8500AC978E /* Build configuration list for PBXNativeTarget "crypto-book" */ = {
			isa = XCConfigurationList;
			buildConfigurations = (
				8EA6FF152487BE8500AC978E /* Debug */,
				8EA6FF162487BE8500AC978E /* Release */,
			);
			defaultConfigurationIsVisible = 0;
			defaultConfigurationName = Release;
		};
		8EA6FF172487BE8500AC978E /* Build configuration list for PBXNativeTarget "unit-tests" */ = {
			isa = XCConfigurationList;
			buildConfigurations = (
				8EA6FF182487BE8500AC978E /* Debug */,
				8EA6FF192487BE8500AC978E /* Release */,
			);
			defaultConfigurationIsVisible = 0;
			defaultConfigurationName = Release;
		};
		8ED6507D248FE4430044B32D /* Build configuration list for PBXNativeTarget "integration-tests" */ = {
			isa = XCConfigurationList;
			buildConfigurations = (
				8ED6507E248FE4430044B32D /* Debug */,
				8ED6507F248FE4430044B32D /* Release */,
			);
			defaultConfigurationIsVisible = 0;
			defaultConfigurationName = Release;
		};
/* End XCConfigurationList section */
	};
	rootObject = 8EA6FEED2487BE8400AC978E /* Project object */;
}
