// !$*UTF8*$!
{
	archiveVersion = 1;
	classes = {
	};
	objectVersion = 50;
	objects = {

/* Begin PBXBuildFile section */
		8E6835322487DAD700D84F53 /* PageViewController.swift in Sources */ = {isa = PBXBuildFile; fileRef = 8E6835312487DAD700D84F53 /* PageViewController.swift */; };
		8E6835342487DD8800D84F53 /* README.md in Resources */ = {isa = PBXBuildFile; fileRef = 8E6835332487DD8800D84F53 /* README.md */; };
		8E92A28C2487EB7300D43828 /* Array+.swift in Sources */ = {isa = PBXBuildFile; fileRef = 8E92A28B2487EB7300D43828 /* Array+.swift */; };
		8E92A28E2487ED2200D43828 /* UIView+.swift in Sources */ = {isa = PBXBuildFile; fileRef = 8E92A28D2487ED2200D43828 /* UIView+.swift */; };
		8E92A2902487EF3700D43828 /* DevMenuPageViewController.swift in Sources */ = {isa = PBXBuildFile; fileRef = 8E92A28F2487EF3700D43828 /* DevMenuPageViewController.swift */; };
		8E92A2922487F18E00D43828 /* UIColor+.swift in Sources */ = {isa = PBXBuildFile; fileRef = 8E92A2912487F18E00D43828 /* UIColor+.swift */; };
		8E92A296248805BD00D43828 /* Logger.swift in Sources */ = {isa = PBXBuildFile; fileRef = 8E92A295248805BD00D43828 /* Logger.swift */; };
		8E92A2982488346A00D43828 /* PageMenuView.swift in Sources */ = {isa = PBXBuildFile; fileRef = 8E92A2972488346A00D43828 /* PageMenuView.swift */; };
		8E92A29A2488405F00D43828 /* String+.swift in Sources */ = {isa = PBXBuildFile; fileRef = 8E92A2992488405F00D43828 /* String+.swift */; };
		8E92A29C2488409500D43828 /* Int+.swift in Sources */ = {isa = PBXBuildFile; fileRef = 8E92A29B2488409500D43828 /* Int+.swift */; };
		8E92A2A124886AA600D43828 /* MarketDetailViewController.swift in Sources */ = {isa = PBXBuildFile; fileRef = 8E92A2A024886AA600D43828 /* MarketDetailViewController.swift */; };
		8E92A2A324886AAF00D43828 /* MarketDetailViewModel.swift in Sources */ = {isa = PBXBuildFile; fileRef = 8E92A2A224886AAF00D43828 /* MarketDetailViewModel.swift */; };
		8EA6AB3A248A846A0017FE63 /* Localizable.strings in Resources */ = {isa = PBXBuildFile; fileRef = 8EA6AB39248A846A0017FE63 /* Localizable.strings */; };
		8EA6AB3C248A84D20017FE63 /* Localizable+.swift in Sources */ = {isa = PBXBuildFile; fileRef = 8EA6AB3B248A84D20017FE63 /* Localizable+.swift */; };
		8EA6AB3F248A85020017FE63 /* ArrayTests.swift in Sources */ = {isa = PBXBuildFile; fileRef = 8EA6AB3E248A85020017FE63 /* ArrayTests.swift */; };
		8EA6AB41248A97ED0017FE63 /* MarketPair.swift in Sources */ = {isa = PBXBuildFile; fileRef = 8EA6AB40248A97ED0017FE63 /* MarketPair.swift */; };
		8EA6AB45248A99BA0017FE63 /* MarketHistoryViewController.swift in Sources */ = {isa = PBXBuildFile; fileRef = 8EA6AB44248A99BA0017FE63 /* MarketHistoryViewController.swift */; };
		8EA6AB47248A99D20017FE63 /* OrderBookViewController.swift in Sources */ = {isa = PBXBuildFile; fileRef = 8EA6AB46248A99D20017FE63 /* OrderBookViewController.swift */; };
		8EA6AB49248A99EF0017FE63 /* OrderBookViewModel.swift in Sources */ = {isa = PBXBuildFile; fileRef = 8EA6AB48248A99EF0017FE63 /* OrderBookViewModel.swift */; };
		8EA6AB4B248A99F80017FE63 /* MarketHistoryViewModel.swift in Sources */ = {isa = PBXBuildFile; fileRef = 8EA6AB4A248A99F80017FE63 /* MarketHistoryViewModel.swift */; };
		8EA6AB4D248AA4BD0017FE63 /* OrderBookTableView.swift in Sources */ = {isa = PBXBuildFile; fileRef = 8EA6AB4C248AA4BD0017FE63 /* OrderBookTableView.swift */; };
		8EA6AB4F248AA6E60017FE63 /* OrderBookCellViewModel.swift in Sources */ = {isa = PBXBuildFile; fileRef = 8EA6AB4E248AA6E60017FE63 /* OrderBookCellViewModel.swift */; };
		8EA6AB51248AA6EE0017FE63 /* OrderBookCell.swift in Sources */ = {isa = PBXBuildFile; fileRef = 8EA6AB50248AA6EE0017FE63 /* OrderBookCell.swift */; };
		8EA6FEF92487BE8400AC978E /* AppDelegate.swift in Sources */ = {isa = PBXBuildFile; fileRef = 8EA6FEF82487BE8400AC978E /* AppDelegate.swift */; };
		8EA6FEFB2487BE8400AC978E /* SceneDelegate.swift in Sources */ = {isa = PBXBuildFile; fileRef = 8EA6FEFA2487BE8400AC978E /* SceneDelegate.swift */; };
		8EA6FEFD2487BE8400AC978E /* DevMenuViewController.swift in Sources */ = {isa = PBXBuildFile; fileRef = 8EA6FEFC2487BE8400AC978E /* DevMenuViewController.swift */; };
		8EA6FF002487BE8400AC978E /* Main.storyboard in Resources */ = {isa = PBXBuildFile; fileRef = 8EA6FEFE2487BE8400AC978E /* Main.storyboard */; };
		8EA6FF022487BE8500AC978E /* Assets.xcassets in Resources */ = {isa = PBXBuildFile; fileRef = 8EA6FF012487BE8500AC978E /* Assets.xcassets */; };
		8EA6FF052487BE8500AC978E /* LaunchScreen.storyboard in Resources */ = {isa = PBXBuildFile; fileRef = 8EA6FF032487BE8500AC978E /* LaunchScreen.storyboard */; };
		8EA6FF102487BE8500AC978E /* crypto_bookTests.swift in Sources */ = {isa = PBXBuildFile; fileRef = 8EA6FF0F2487BE8500AC978E /* crypto_bookTests.swift */; };
		8ED65002248AC9EC0044B32D /* OrderBookTableType.swift in Sources */ = {isa = PBXBuildFile; fileRef = 8ED65001248AC9EC0044B32D /* OrderBookTableType.swift */; };
		8ED65004248AD0B00044B32D /* Double+.swift in Sources */ = {isa = PBXBuildFile; fileRef = 8ED65003248AD0B00044B32D /* Double+.swift */; };
		8ED65006248AD0F60044B32D /* DoubleTests.swift in Sources */ = {isa = PBXBuildFile; fileRef = 8ED65005248AD0F60044B32D /* DoubleTests.swift */; };
		8ED65008248ADE460044B32D /* OrderBook.swift in Sources */ = {isa = PBXBuildFile; fileRef = 8ED65007248ADE460044B32D /* OrderBook.swift */; };
		8ED6500A248ADF2D0044B32D /* OrderBookService.swift in Sources */ = {isa = PBXBuildFile; fileRef = 8ED65009248ADF2D0044B32D /* OrderBookService.swift */; };
		8ED6500F248ADF9B0044B32D /* DependencyInjector.swift in Sources */ = {isa = PBXBuildFile; fileRef = 8ED6500E248ADF9B0044B32D /* DependencyInjector.swift */; };
		8ED65011248AF47E0044B32D /* ChildPageViewController.swift in Sources */ = {isa = PBXBuildFile; fileRef = 8ED65010248AF47E0044B32D /* ChildPageViewController.swift */; };
		8ED65013248AF8260044B32D /* ChildPageViewControllerMock.swift in Sources */ = {isa = PBXBuildFile; fileRef = 8ED65012248AF8260044B32D /* ChildPageViewControllerMock.swift */; };
		8ED65015248B14530044B32D /* OrderBookAskCell.swift in Sources */ = {isa = PBXBuildFile; fileRef = 8ED65014248B14530044B32D /* OrderBookAskCell.swift */; };
		8ED65017248B158E0044B32D /* OrderBookBidCell.swift in Sources */ = {isa = PBXBuildFile; fileRef = 8ED65016248B158E0044B32D /* OrderBookBidCell.swift */; };
		8ED65019248BBF550044B32D /* OrderBookHeaderView.swift in Sources */ = {isa = PBXBuildFile; fileRef = 8ED65018248BBF550044B32D /* OrderBookHeaderView.swift */; };
		8ED6501C248BC1B10044B32D /* UIFont+.swift in Sources */ = {isa = PBXBuildFile; fileRef = 8ED6501B248BC1B10044B32D /* UIFont+.swift */; };
/* End PBXBuildFile section */

/* Begin PBXContainerItemProxy section */
		8EA6FF0C2487BE8500AC978E /* PBXContainerItemProxy */ = {
			isa = PBXContainerItemProxy;
			containerPortal = 8EA6FEED2487BE8400AC978E /* Project object */;
			proxyType = 1;
			remoteGlobalIDString = 8EA6FEF42487BE8400AC978E;
			remoteInfo = "crypto-book";
		};
/* End PBXContainerItemProxy section */

/* Begin PBXFileReference section */
		8E6835312487DAD700D84F53 /* PageViewController.swift */ = {isa = PBXFileReference; lastKnownFileType = sourcecode.swift; path = PageViewController.swift; sourceTree = "<group>"; };
		8E6835332487DD8800D84F53 /* README.md */ = {isa = PBXFileReference; fileEncoding = 4; lastKnownFileType = net.daringfireball.markdown; path = README.md; sourceTree = "<group>"; };
		8E92A28B2487EB7300D43828 /* Array+.swift */ = {isa = PBXFileReference; lastKnownFileType = sourcecode.swift; path = "Array+.swift"; sourceTree = "<group>"; };
		8E92A28D2487ED2200D43828 /* UIView+.swift */ = {isa = PBXFileReference; lastKnownFileType = sourcecode.swift; path = "UIView+.swift"; sourceTree = "<group>"; };
		8E92A28F2487EF3700D43828 /* DevMenuPageViewController.swift */ = {isa = PBXFileReference; lastKnownFileType = sourcecode.swift; path = DevMenuPageViewController.swift; sourceTree = "<group>"; };
		8E92A2912487F18E00D43828 /* UIColor+.swift */ = {isa = PBXFileReference; lastKnownFileType = sourcecode.swift; path = "UIColor+.swift"; sourceTree = "<group>"; };
		8E92A295248805BD00D43828 /* Logger.swift */ = {isa = PBXFileReference; lastKnownFileType = sourcecode.swift; path = Logger.swift; sourceTree = "<group>"; };
		8E92A2972488346A00D43828 /* PageMenuView.swift */ = {isa = PBXFileReference; lastKnownFileType = sourcecode.swift; path = PageMenuView.swift; sourceTree = "<group>"; };
		8E92A2992488405F00D43828 /* String+.swift */ = {isa = PBXFileReference; lastKnownFileType = sourcecode.swift; path = "String+.swift"; sourceTree = "<group>"; };
		8E92A29B2488409500D43828 /* Int+.swift */ = {isa = PBXFileReference; lastKnownFileType = sourcecode.swift; path = "Int+.swift"; sourceTree = "<group>"; };
		8E92A2A024886AA600D43828 /* MarketDetailViewController.swift */ = {isa = PBXFileReference; lastKnownFileType = sourcecode.swift; path = MarketDetailViewController.swift; sourceTree = "<group>"; };
		8E92A2A224886AAF00D43828 /* MarketDetailViewModel.swift */ = {isa = PBXFileReference; lastKnownFileType = sourcecode.swift; path = MarketDetailViewModel.swift; sourceTree = "<group>"; };
		8EA6AB39248A846A0017FE63 /* Localizable.strings */ = {isa = PBXFileReference; lastKnownFileType = text.plist.strings; path = Localizable.strings; sourceTree = "<group>"; };
		8EA6AB3B248A84D20017FE63 /* Localizable+.swift */ = {isa = PBXFileReference; lastKnownFileType = sourcecode.swift; path = "Localizable+.swift"; sourceTree = "<group>"; };
		8EA6AB3E248A85020017FE63 /* ArrayTests.swift */ = {isa = PBXFileReference; lastKnownFileType = sourcecode.swift; path = ArrayTests.swift; sourceTree = "<group>"; };
		8EA6AB40248A97ED0017FE63 /* MarketPair.swift */ = {isa = PBXFileReference; lastKnownFileType = sourcecode.swift; path = MarketPair.swift; sourceTree = "<group>"; };
		8EA6AB44248A99BA0017FE63 /* MarketHistoryViewController.swift */ = {isa = PBXFileReference; lastKnownFileType = sourcecode.swift; path = MarketHistoryViewController.swift; sourceTree = "<group>"; };
		8EA6AB46248A99D20017FE63 /* OrderBookViewController.swift */ = {isa = PBXFileReference; lastKnownFileType = sourcecode.swift; path = OrderBookViewController.swift; sourceTree = "<group>"; };
		8EA6AB48248A99EF0017FE63 /* OrderBookViewModel.swift */ = {isa = PBXFileReference; lastKnownFileType = sourcecode.swift; path = OrderBookViewModel.swift; sourceTree = "<group>"; };
		8EA6AB4A248A99F80017FE63 /* MarketHistoryViewModel.swift */ = {isa = PBXFileReference; lastKnownFileType = sourcecode.swift; path = MarketHistoryViewModel.swift; sourceTree = "<group>"; };
		8EA6AB4C248AA4BD0017FE63 /* OrderBookTableView.swift */ = {isa = PBXFileReference; lastKnownFileType = sourcecode.swift; path = OrderBookTableView.swift; sourceTree = "<group>"; };
		8EA6AB4E248AA6E60017FE63 /* OrderBookCellViewModel.swift */ = {isa = PBXFileReference; lastKnownFileType = sourcecode.swift; path = OrderBookCellViewModel.swift; sourceTree = "<group>"; };
		8EA6AB50248AA6EE0017FE63 /* OrderBookCell.swift */ = {isa = PBXFileReference; lastKnownFileType = sourcecode.swift; path = OrderBookCell.swift; sourceTree = "<group>"; };
		8EA6FEF52487BE8400AC978E /* crypto-book.app */ = {isa = PBXFileReference; explicitFileType = wrapper.application; includeInIndex = 0; path = "crypto-book.app"; sourceTree = BUILT_PRODUCTS_DIR; };
		8EA6FEF82487BE8400AC978E /* AppDelegate.swift */ = {isa = PBXFileReference; lastKnownFileType = sourcecode.swift; path = AppDelegate.swift; sourceTree = "<group>"; };
		8EA6FEFA2487BE8400AC978E /* SceneDelegate.swift */ = {isa = PBXFileReference; lastKnownFileType = sourcecode.swift; path = SceneDelegate.swift; sourceTree = "<group>"; };
		8EA6FEFC2487BE8400AC978E /* DevMenuViewController.swift */ = {isa = PBXFileReference; lastKnownFileType = sourcecode.swift; path = DevMenuViewController.swift; sourceTree = "<group>"; };
		8EA6FEFF2487BE8400AC978E /* Base */ = {isa = PBXFileReference; lastKnownFileType = file.storyboard; name = Base; path = Base.lproj/Main.storyboard; sourceTree = "<group>"; };
		8EA6FF012487BE8500AC978E /* Assets.xcassets */ = {isa = PBXFileReference; lastKnownFileType = folder.assetcatalog; path = Assets.xcassets; sourceTree = "<group>"; };
		8EA6FF042487BE8500AC978E /* Base */ = {isa = PBXFileReference; lastKnownFileType = file.storyboard; name = Base; path = Base.lproj/LaunchScreen.storyboard; sourceTree = "<group>"; };
		8EA6FF062487BE8500AC978E /* Info.plist */ = {isa = PBXFileReference; lastKnownFileType = text.plist.xml; path = Info.plist; sourceTree = "<group>"; };
		8EA6FF0B2487BE8500AC978E /* crypto-bookTests.xctest */ = {isa = PBXFileReference; explicitFileType = wrapper.cfbundle; includeInIndex = 0; path = "crypto-bookTests.xctest"; sourceTree = BUILT_PRODUCTS_DIR; };
		8EA6FF0F2487BE8500AC978E /* crypto_bookTests.swift */ = {isa = PBXFileReference; lastKnownFileType = sourcecode.swift; path = crypto_bookTests.swift; sourceTree = "<group>"; };
		8EA6FF112487BE8500AC978E /* Info.plist */ = {isa = PBXFileReference; lastKnownFileType = text.plist.xml; path = Info.plist; sourceTree = "<group>"; };
		8ED65001248AC9EC0044B32D /* OrderBookTableType.swift */ = {isa = PBXFileReference; lastKnownFileType = sourcecode.swift; path = OrderBookTableType.swift; sourceTree = "<group>"; };
		8ED65003248AD0B00044B32D /* Double+.swift */ = {isa = PBXFileReference; lastKnownFileType = sourcecode.swift; path = "Double+.swift"; sourceTree = "<group>"; };
		8ED65005248AD0F60044B32D /* DoubleTests.swift */ = {isa = PBXFileReference; lastKnownFileType = sourcecode.swift; path = DoubleTests.swift; sourceTree = "<group>"; };
		8ED65007248ADE460044B32D /* OrderBook.swift */ = {isa = PBXFileReference; lastKnownFileType = sourcecode.swift; path = OrderBook.swift; sourceTree = "<group>"; };
		8ED65009248ADF2D0044B32D /* OrderBookService.swift */ = {isa = PBXFileReference; lastKnownFileType = sourcecode.swift; path = OrderBookService.swift; sourceTree = "<group>"; };
		8ED6500E248ADF9B0044B32D /* DependencyInjector.swift */ = {isa = PBXFileReference; lastKnownFileType = sourcecode.swift; path = DependencyInjector.swift; sourceTree = "<group>"; };
		8ED65010248AF47E0044B32D /* ChildPageViewController.swift */ = {isa = PBXFileReference; lastKnownFileType = sourcecode.swift; path = ChildPageViewController.swift; sourceTree = "<group>"; };
		8ED65012248AF8260044B32D /* ChildPageViewControllerMock.swift */ = {isa = PBXFileReference; lastKnownFileType = sourcecode.swift; path = ChildPageViewControllerMock.swift; sourceTree = "<group>"; };
		8ED65014248B14530044B32D /* OrderBookAskCell.swift */ = {isa = PBXFileReference; lastKnownFileType = sourcecode.swift; path = OrderBookAskCell.swift; sourceTree = "<group>"; };
		8ED65016248B158E0044B32D /* OrderBookBidCell.swift */ = {isa = PBXFileReference; lastKnownFileType = sourcecode.swift; path = OrderBookBidCell.swift; sourceTree = "<group>"; };
		8ED65018248BBF550044B32D /* OrderBookHeaderView.swift */ = {isa = PBXFileReference; lastKnownFileType = sourcecode.swift; path = OrderBookHeaderView.swift; sourceTree = "<group>"; };
		8ED6501B248BC1B10044B32D /* UIFont+.swift */ = {isa = PBXFileReference; lastKnownFileType = sourcecode.swift; path = "UIFont+.swift"; sourceTree = "<group>"; };
/* End PBXFileReference section */

/* Begin PBXFrameworksBuildPhase section */
		8EA6FEF22487BE8400AC978E /* Frameworks */ = {
			isa = PBXFrameworksBuildPhase;
			buildActionMask = 2147483647;
			files = (
			);
			runOnlyForDeploymentPostprocessing = 0;
		};
		8EA6FF082487BE8500AC978E /* Frameworks */ = {
			isa = PBXFrameworksBuildPhase;
			buildActionMask = 2147483647;
			files = (
			);
			runOnlyForDeploymentPostprocessing = 0;
		};
/* End PBXFrameworksBuildPhase section */

/* Begin PBXGroup section */
		8E6835302487DA9400D84F53 /* Components */ = {
			isa = PBXGroup;
			children = (
				8E92A295248805BD00D43828 /* Logger.swift */,
				8EA6FF222487D72F00AC978E /* Page Controller */,
			);
			path = Components;
			sourceTree = "<group>";
		};
		8E6835352487E00D00D84F53 /* DevMenu */ = {
			isa = PBXGroup;
			children = (
				8EA6FEFE2487BE8400AC978E /* Main.storyboard */,
				8EA6FEFC2487BE8400AC978E /* DevMenuViewController.swift */,
				8E92A28F2487EF3700D43828 /* DevMenuPageViewController.swift */,
				8ED65012248AF8260044B32D /* ChildPageViewControllerMock.swift */,
			);
			path = DevMenu;
			sourceTree = "<group>";
		};
		8E92A29F24886A9300D43828 /* Market Detail */ = {
			isa = PBXGroup;
			children = (
				8E92A2A024886AA600D43828 /* MarketDetailViewController.swift */,
				8E92A2A224886AAF00D43828 /* MarketDetailViewModel.swift */,
				8EA6AB42248A998D0017FE63 /* Order Book */,
				8EA6AB43248A99990017FE63 /* Market History */,
			);
			path = "Market Detail";
			sourceTree = "<group>";
		};
		8EA6AB3D248A84F70017FE63 /* Extensions */ = {
			isa = PBXGroup;
			children = (
				8EA6AB3E248A85020017FE63 /* ArrayTests.swift */,
				8ED65005248AD0F60044B32D /* DoubleTests.swift */,
			);
			name = Extensions;
			sourceTree = "<group>";
		};
		8EA6AB42248A998D0017FE63 /* Order Book */ = {
			isa = PBXGroup;
			children = (
				8EA6AB46248A99D20017FE63 /* OrderBookViewController.swift */,
				8EA6AB48248A99EF0017FE63 /* OrderBookViewModel.swift */,
				8EA6AB52248AA8140017FE63 /* Table */,
			);
			path = "Order Book";
			sourceTree = "<group>";
		};
		8EA6AB43248A99990017FE63 /* Market History */ = {
			isa = PBXGroup;
			children = (
				8EA6AB44248A99BA0017FE63 /* MarketHistoryViewController.swift */,
				8EA6AB4A248A99F80017FE63 /* MarketHistoryViewModel.swift */,
			);
			path = "Market History";
			sourceTree = "<group>";
		};
		8EA6AB52248AA8140017FE63 /* Table */ = {
			isa = PBXGroup;
			children = (
				8EA6AB4C248AA4BD0017FE63 /* OrderBookTableView.swift */,
				8ED65001248AC9EC0044B32D /* OrderBookTableType.swift */,
				8ED65018248BBF550044B32D /* OrderBookHeaderView.swift */,
				8ED6501A248BBF640044B32D /* Cell */,
			);
			path = Table;
			sourceTree = "<group>";
		};
		8EA6FEEC2487BE8400AC978E = {
			isa = PBXGroup;
			children = (
				8E6835332487DD8800D84F53 /* README.md */,
				8EA6FEF72487BE8400AC978E /* crypto-book */,
				8EA6FF0E2487BE8500AC978E /* crypto-bookTests */,
				8EA6FEF62487BE8400AC978E /* Products */,
			);
			sourceTree = "<group>";
		};
		8EA6FEF62487BE8400AC978E /* Products */ = {
			isa = PBXGroup;
			children = (
				8EA6FEF52487BE8400AC978E /* crypto-book.app */,
				8EA6FF0B2487BE8500AC978E /* crypto-bookTests.xctest */,
			);
			name = Products;
			sourceTree = "<group>";
		};
		8EA6FEF72487BE8400AC978E /* crypto-book */ = {
			isa = PBXGroup;
			children = (
				8EA6FEF82487BE8400AC978E /* AppDelegate.swift */,
				8EA6FEFA2487BE8400AC978E /* SceneDelegate.swift */,
				8E6835352487E00D00D84F53 /* DevMenu */,
				8EA6FF1C2487BEA500AC978E /* Screens */,
				8EA6FF1B2487BEA000AC978E /* Services */,
				8EA6FF1D2487BEAF00AC978E /* Models */,
				8E6835302487DA9400D84F53 /* Components */,
				8EA6FF1A2487BE9A00AC978E /* Extensions */,
				8EA6FF1F2487BED100AC978E /* Supporting Files */,
			);
			path = "crypto-book";
			sourceTree = "<group>";
		};
		8EA6FF0E2487BE8500AC978E /* crypto-bookTests */ = {
			isa = PBXGroup;
			children = (
				8EA6AB3D248A84F70017FE63 /* Extensions */,
				8EA6FF0F2487BE8500AC978E /* crypto_bookTests.swift */,
				8EA6FF212487BF0B00AC978E /* Supporting Files */,
			);
			path = "crypto-bookTests";
			sourceTree = "<group>";
		};
		8EA6FF1A2487BE9A00AC978E /* Extensions */ = {
			isa = PBXGroup;
			children = (
				8E92A28B2487EB7300D43828 /* Array+.swift */,
				8E92A28D2487ED2200D43828 /* UIView+.swift */,
				8E92A2912487F18E00D43828 /* UIColor+.swift */,
				8ED6501B248BC1B10044B32D /* UIFont+.swift */,
				8E92A2992488405F00D43828 /* String+.swift */,
				8E92A29B2488409500D43828 /* Int+.swift */,
				8EA6AB3B248A84D20017FE63 /* Localizable+.swift */,
				8ED65003248AD0B00044B32D /* Double+.swift */,
			);
			path = Extensions;
			sourceTree = "<group>";
		};
		8EA6FF1B2487BEA000AC978E /* Services */ = {
			isa = PBXGroup;
			children = (
				8ED6500E248ADF9B0044B32D /* DependencyInjector.swift */,
				8ED6500B248ADF340044B32D /* Order Book */,
			);
			path = Services;
			sourceTree = "<group>";
		};
		8EA6FF1C2487BEA500AC978E /* Screens */ = {
			isa = PBXGroup;
			children = (
				8E92A29F24886A9300D43828 /* Market Detail */,
			);
			path = Screens;
			sourceTree = "<group>";
		};
		8EA6FF1D2487BEAF00AC978E /* Models */ = {
			isa = PBXGroup;
			children = (
				8EA6AB40248A97ED0017FE63 /* MarketPair.swift */,
				8ED65007248ADE460044B32D /* OrderBook.swift */,
			);
			path = Models;
			sourceTree = "<group>";
		};
		8EA6FF1F2487BED100AC978E /* Supporting Files */ = {
			isa = PBXGroup;
			children = (
				8EA6FF012487BE8500AC978E /* Assets.xcassets */,
				8EA6FF032487BE8500AC978E /* LaunchScreen.storyboard */,
				8EA6FF062487BE8500AC978E /* Info.plist */,
				8EA6AB39248A846A0017FE63 /* Localizable.strings */,
			);
			name = "Supporting Files";
			sourceTree = "<group>";
		};
		8EA6FF212487BF0B00AC978E /* Supporting Files */ = {
			isa = PBXGroup;
			children = (
				8EA6FF112487BE8500AC978E /* Info.plist */,
			);
			name = "Supporting Files";
			sourceTree = "<group>";
		};
		8EA6FF222487D72F00AC978E /* Page Controller */ = {
			isa = PBXGroup;
			children = (
				8E6835312487DAD700D84F53 /* PageViewController.swift */,
				8E92A2972488346A00D43828 /* PageMenuView.swift */,
				8ED65010248AF47E0044B32D /* ChildPageViewController.swift */,
			);
			path = "Page Controller";
			sourceTree = "<group>";
		};
		8ED6500B248ADF340044B32D /* Order Book */ = {
			isa = PBXGroup;
			children = (
				8ED65009248ADF2D0044B32D /* OrderBookService.swift */,
			);
			path = "Order Book";
			sourceTree = "<group>";
		};
		8ED6501A248BBF640044B32D /* Cell */ = {
			isa = PBXGroup;
			children = (
				8EA6AB50248AA6EE0017FE63 /* OrderBookCell.swift */,
				8ED65016248B158E0044B32D /* OrderBookBidCell.swift */,
				8ED65014248B14530044B32D /* OrderBookAskCell.swift */,
				8EA6AB4E248AA6E60017FE63 /* OrderBookCellViewModel.swift */,
			);
			path = Cell;
			sourceTree = "<group>";
		};
/* End PBXGroup section */

/* Begin PBXNativeTarget section */
		8EA6FEF42487BE8400AC978E /* crypto-book */ = {
			isa = PBXNativeTarget;
			buildConfigurationList = 8EA6FF142487BE8500AC978E /* Build configuration list for PBXNativeTarget "crypto-book" */;
			buildPhases = (
				8EA6FEF12487BE8400AC978E /* Sources */,
				8EA6FEF22487BE8400AC978E /* Frameworks */,
				8EA6FEF32487BE8400AC978E /* Resources */,
			);
			buildRules = (
			);
			dependencies = (
			);
			name = "crypto-book";
			productName = "crypto-book";
			productReference = 8EA6FEF52487BE8400AC978E /* crypto-book.app */;
			productType = "com.apple.product-type.application";
		};
		8EA6FF0A2487BE8500AC978E /* crypto-bookTests */ = {
			isa = PBXNativeTarget;
			buildConfigurationList = 8EA6FF172487BE8500AC978E /* Build configuration list for PBXNativeTarget "crypto-bookTests" */;
			buildPhases = (
				8EA6FF072487BE8500AC978E /* Sources */,
				8EA6FF082487BE8500AC978E /* Frameworks */,
				8EA6FF092487BE8500AC978E /* Resources */,
			);
			buildRules = (
			);
			dependencies = (
				8EA6FF0D2487BE8500AC978E /* PBXTargetDependency */,
			);
			name = "crypto-bookTests";
			productName = "crypto-bookTests";
			productReference = 8EA6FF0B2487BE8500AC978E /* crypto-bookTests.xctest */;
			productType = "com.apple.product-type.bundle.unit-test";
		};
/* End PBXNativeTarget section */

/* Begin PBXProject section */
		8EA6FEED2487BE8400AC978E /* Project object */ = {
			isa = PBXProject;
			attributes = {
				LastSwiftUpdateCheck = 1150;
				LastUpgradeCheck = 1150;
				ORGANIZATIONNAME = nestor;
				TargetAttributes = {
					8EA6FEF42487BE8400AC978E = {
						CreatedOnToolsVersion = 11.5;
					};
					8EA6FF0A2487BE8500AC978E = {
						CreatedOnToolsVersion = 11.5;
						TestTargetID = 8EA6FEF42487BE8400AC978E;
					};
				};
			};
			buildConfigurationList = 8EA6FEF02487BE8400AC978E /* Build configuration list for PBXProject "crypto-book" */;
			compatibilityVersion = "Xcode 9.3";
			developmentRegion = en;
			hasScannedForEncodings = 0;
			knownRegions = (
				en,
				Base,
			);
			mainGroup = 8EA6FEEC2487BE8400AC978E;
			productRefGroup = 8EA6FEF62487BE8400AC978E /* Products */;
			projectDirPath = "";
			projectRoot = "";
			targets = (
				8EA6FEF42487BE8400AC978E /* crypto-book */,
				8EA6FF0A2487BE8500AC978E /* crypto-bookTests */,
			);
		};
/* End PBXProject section */

/* Begin PBXResourcesBuildPhase section */
		8EA6FEF32487BE8400AC978E /* Resources */ = {
			isa = PBXResourcesBuildPhase;
			buildActionMask = 2147483647;
			files = (
				8EA6AB3A248A846A0017FE63 /* Localizable.strings in Resources */,
				8EA6FF052487BE8500AC978E /* LaunchScreen.storyboard in Resources */,
				8EA6FF022487BE8500AC978E /* Assets.xcassets in Resources */,
				8E6835342487DD8800D84F53 /* README.md in Resources */,
				8EA6FF002487BE8400AC978E /* Main.storyboard in Resources */,
			);
			runOnlyForDeploymentPostprocessing = 0;
		};
		8EA6FF092487BE8500AC978E /* Resources */ = {
			isa = PBXResourcesBuildPhase;
			buildActionMask = 2147483647;
			files = (
			);
			runOnlyForDeploymentPostprocessing = 0;
		};
/* End PBXResourcesBuildPhase section */

/* Begin PBXSourcesBuildPhase section */
		8EA6FEF12487BE8400AC978E /* Sources */ = {
			isa = PBXSourcesBuildPhase;
			buildActionMask = 2147483647;
			files = (
				8EA6FEFD2487BE8400AC978E /* DevMenuViewController.swift in Sources */,
				8EA6AB4B248A99F80017FE63 /* MarketHistoryViewModel.swift in Sources */,
				8ED65013248AF8260044B32D /* ChildPageViewControllerMock.swift in Sources */,
				8E92A296248805BD00D43828 /* Logger.swift in Sources */,
				8ED6500A248ADF2D0044B32D /* OrderBookService.swift in Sources */,
				8ED65015248B14530044B32D /* OrderBookAskCell.swift in Sources */,
				8ED6500F248ADF9B0044B32D /* DependencyInjector.swift in Sources */,
				8ED65017248B158E0044B32D /* OrderBookBidCell.swift in Sources */,
				8EA6AB4D248AA4BD0017FE63 /* OrderBookTableView.swift in Sources */,
				8E92A29C2488409500D43828 /* Int+.swift in Sources */,
				8EA6AB45248A99BA0017FE63 /* MarketHistoryViewController.swift in Sources */,
				8E92A28C2487EB7300D43828 /* Array+.swift in Sources */,
				8E92A2902487EF3700D43828 /* DevMenuPageViewController.swift in Sources */,
				8E92A28E2487ED2200D43828 /* UIView+.swift in Sources */,
				8EA6FEF92487BE8400AC978E /* AppDelegate.swift in Sources */,
				8EA6FEFB2487BE8400AC978E /* SceneDelegate.swift in Sources */,
				8E6835322487DAD700D84F53 /* PageViewController.swift in Sources */,
				8ED65002248AC9EC0044B32D /* OrderBookTableType.swift in Sources */,
				8ED6501C248BC1B10044B32D /* UIFont+.swift in Sources */,
				8ED65004248AD0B00044B32D /* Double+.swift in Sources */,
				8EA6AB51248AA6EE0017FE63 /* OrderBookCell.swift in Sources */,
				8ED65019248BBF550044B32D /* OrderBookHeaderView.swift in Sources */,
				8EA6AB3C248A84D20017FE63 /* Localizable+.swift in Sources */,
				8E92A2A124886AA600D43828 /* MarketDetailViewController.swift in Sources */,
				8E92A2A324886AAF00D43828 /* MarketDetailViewModel.swift in Sources */,
				8ED65008248ADE460044B32D /* OrderBook.swift in Sources */,
				8EA6AB49248A99EF0017FE63 /* OrderBookViewModel.swift in Sources */,
				8E92A2982488346A00D43828 /* PageMenuView.swift in Sources */,
				8ED65011248AF47E0044B32D /* ChildPageViewController.swift in Sources */,
				8EA6AB47248A99D20017FE63 /* OrderBookViewController.swift in Sources */,
				8EA6AB41248A97ED0017FE63 /* MarketPair.swift in Sources */,
				8E92A29A2488405F00D43828 /* String+.swift in Sources */,
				8EA6AB4F248AA6E60017FE63 /* OrderBookCellViewModel.swift in Sources */,
				8E92A2922487F18E00D43828 /* UIColor+.swift in Sources */,
			);
			runOnlyForDeploymentPostprocessing = 0;
		};
		8EA6FF072487BE8500AC978E /* Sources */ = {
			isa = PBXSourcesBuildPhase;
			buildActionMask = 2147483647;
			files = (
				8EA6FF102487BE8500AC978E /* crypto_bookTests.swift in Sources */,
				8ED65006248AD0F60044B32D /* DoubleTests.swift in Sources */,
				8EA6AB3F248A85020017FE63 /* ArrayTests.swift in Sources */,
			);
			runOnlyForDeploymentPostprocessing = 0;
		};
/* End PBXSourcesBuildPhase section */

/* Begin PBXTargetDependency section */
		8EA6FF0D2487BE8500AC978E /* PBXTargetDependency */ = {
			isa = PBXTargetDependency;
			target = 8EA6FEF42487BE8400AC978E /* crypto-book */;
			targetProxy = 8EA6FF0C2487BE8500AC978E /* PBXContainerItemProxy */;
		};
/* End PBXTargetDependency section */

/* Begin PBXVariantGroup section */
		8EA6FEFE2487BE8400AC978E /* Main.storyboard */ = {
			isa = PBXVariantGroup;
			children = (
				8EA6FEFF2487BE8400AC978E /* Base */,
			);
			name = Main.storyboard;
			sourceTree = "<group>";
		};
		8EA6FF032487BE8500AC978E /* LaunchScreen.storyboard */ = {
			isa = PBXVariantGroup;
			children = (
				8EA6FF042487BE8500AC978E /* Base */,
			);
			name = LaunchScreen.storyboard;
			sourceTree = "<group>";
		};
/* End PBXVariantGroup section */

/* Begin XCBuildConfiguration section */
		8EA6FF122487BE8500AC978E /* Debug */ = {
			isa = XCBuildConfiguration;
			buildSettings = {
				ALWAYS_SEARCH_USER_PATHS = NO;
				CLANG_ANALYZER_NONNULL = YES;
				CLANG_ANALYZER_NUMBER_OBJECT_CONVERSION = YES_AGGRESSIVE;
				CLANG_CXX_LANGUAGE_STANDARD = "gnu++14";
				CLANG_CXX_LIBRARY = "libc++";
				CLANG_ENABLE_MODULES = YES;
				CLANG_ENABLE_OBJC_ARC = YES;
				CLANG_ENABLE_OBJC_WEAK = YES;
				CLANG_WARN_BLOCK_CAPTURE_AUTORELEASING = YES;
				CLANG_WARN_BOOL_CONVERSION = YES;
				CLANG_WARN_COMMA = YES;
				CLANG_WARN_CONSTANT_CONVERSION = YES;
				CLANG_WARN_DEPRECATED_OBJC_IMPLEMENTATIONS = YES;
				CLANG_WARN_DIRECT_OBJC_ISA_USAGE = YES_ERROR;
				CLANG_WARN_DOCUMENTATION_COMMENTS = YES;
				CLANG_WARN_EMPTY_BODY = YES;
				CLANG_WARN_ENUM_CONVERSION = YES;
				CLANG_WARN_INFINITE_RECURSION = YES;
				CLANG_WARN_INT_CONVERSION = YES;
				CLANG_WARN_NON_LITERAL_NULL_CONVERSION = YES;
				CLANG_WARN_OBJC_IMPLICIT_RETAIN_SELF = YES;
				CLANG_WARN_OBJC_LITERAL_CONVERSION = YES;
				CLANG_WARN_OBJC_ROOT_CLASS = YES_ERROR;
				CLANG_WARN_RANGE_LOOP_ANALYSIS = YES;
				CLANG_WARN_STRICT_PROTOTYPES = YES;
				CLANG_WARN_SUSPICIOUS_MOVE = YES;
				CLANG_WARN_UNGUARDED_AVAILABILITY = YES_AGGRESSIVE;
				CLANG_WARN_UNREACHABLE_CODE = YES;
				CLANG_WARN__DUPLICATE_METHOD_MATCH = YES;
				COPY_PHASE_STRIP = NO;
				DEBUG_INFORMATION_FORMAT = dwarf;
				ENABLE_STRICT_OBJC_MSGSEND = YES;
				ENABLE_TESTABILITY = YES;
				GCC_C_LANGUAGE_STANDARD = gnu11;
				GCC_DYNAMIC_NO_PIC = NO;
				GCC_NO_COMMON_BLOCKS = YES;
				GCC_OPTIMIZATION_LEVEL = 0;
				GCC_PREPROCESSOR_DEFINITIONS = (
					"DEBUG=1",
					"$(inherited)",
				);
				GCC_WARN_64_TO_32_BIT_CONVERSION = YES;
				GCC_WARN_ABOUT_RETURN_TYPE = YES_ERROR;
				GCC_WARN_UNDECLARED_SELECTOR = YES;
				GCC_WARN_UNINITIALIZED_AUTOS = YES_AGGRESSIVE;
				GCC_WARN_UNUSED_FUNCTION = YES;
				GCC_WARN_UNUSED_VARIABLE = YES;
				IPHONEOS_DEPLOYMENT_TARGET = 13.5;
				MTL_ENABLE_DEBUG_INFO = INCLUDE_SOURCE;
				MTL_FAST_MATH = YES;
				ONLY_ACTIVE_ARCH = YES;
				SDKROOT = iphoneos;
				SWIFT_ACTIVE_COMPILATION_CONDITIONS = DEBUG;
				SWIFT_OPTIMIZATION_LEVEL = "-Onone";
			};
			name = Debug;
		};
		8EA6FF132487BE8500AC978E /* Release */ = {
			isa = XCBuildConfiguration;
			buildSettings = {
				ALWAYS_SEARCH_USER_PATHS = NO;
				CLANG_ANALYZER_NONNULL = YES;
				CLANG_ANALYZER_NUMBER_OBJECT_CONVERSION = YES_AGGRESSIVE;
				CLANG_CXX_LANGUAGE_STANDARD = "gnu++14";
				CLANG_CXX_LIBRARY = "libc++";
				CLANG_ENABLE_MODULES = YES;
				CLANG_ENABLE_OBJC_ARC = YES;
				CLANG_ENABLE_OBJC_WEAK = YES;
				CLANG_WARN_BLOCK_CAPTURE_AUTORELEASING = YES;
				CLANG_WARN_BOOL_CONVERSION = YES;
				CLANG_WARN_COMMA = YES;
				CLANG_WARN_CONSTANT_CONVERSION = YES;
				CLANG_WARN_DEPRECATED_OBJC_IMPLEMENTATIONS = YES;
				CLANG_WARN_DIRECT_OBJC_ISA_USAGE = YES_ERROR;
				CLANG_WARN_DOCUMENTATION_COMMENTS = YES;
				CLANG_WARN_EMPTY_BODY = YES;
				CLANG_WARN_ENUM_CONVERSION = YES;
				CLANG_WARN_INFINITE_RECURSION = YES;
				CLANG_WARN_INT_CONVERSION = YES;
				CLANG_WARN_NON_LITERAL_NULL_CONVERSION = YES;
				CLANG_WARN_OBJC_IMPLICIT_RETAIN_SELF = YES;
				CLANG_WARN_OBJC_LITERAL_CONVERSION = YES;
				CLANG_WARN_OBJC_ROOT_CLASS = YES_ERROR;
				CLANG_WARN_RANGE_LOOP_ANALYSIS = YES;
				CLANG_WARN_STRICT_PROTOTYPES = YES;
				CLANG_WARN_SUSPICIOUS_MOVE = YES;
				CLANG_WARN_UNGUARDED_AVAILABILITY = YES_AGGRESSIVE;
				CLANG_WARN_UNREACHABLE_CODE = YES;
				CLANG_WARN__DUPLICATE_METHOD_MATCH = YES;
				COPY_PHASE_STRIP = NO;
				DEBUG_INFORMATION_FORMAT = "dwarf-with-dsym";
				ENABLE_NS_ASSERTIONS = NO;
				ENABLE_STRICT_OBJC_MSGSEND = YES;
				GCC_C_LANGUAGE_STANDARD = gnu11;
				GCC_NO_COMMON_BLOCKS = YES;
				GCC_WARN_64_TO_32_BIT_CONVERSION = YES;
				GCC_WARN_ABOUT_RETURN_TYPE = YES_ERROR;
				GCC_WARN_UNDECLARED_SELECTOR = YES;
				GCC_WARN_UNINITIALIZED_AUTOS = YES_AGGRESSIVE;
				GCC_WARN_UNUSED_FUNCTION = YES;
				GCC_WARN_UNUSED_VARIABLE = YES;
				IPHONEOS_DEPLOYMENT_TARGET = 13.5;
				MTL_ENABLE_DEBUG_INFO = NO;
				MTL_FAST_MATH = YES;
				SDKROOT = iphoneos;
				SWIFT_COMPILATION_MODE = wholemodule;
				SWIFT_OPTIMIZATION_LEVEL = "-O";
				VALIDATE_PRODUCT = YES;
			};
			name = Release;
		};
		8EA6FF152487BE8500AC978E /* Debug */ = {
			isa = XCBuildConfiguration;
			buildSettings = {
				ASSETCATALOG_COMPILER_APPICON_NAME = AppIcon;
				CODE_SIGN_STYLE = Automatic;
				INFOPLIST_FILE = "crypto-book/Info.plist";
				LD_RUNPATH_SEARCH_PATHS = (
					"$(inherited)",
					"@executable_path/Frameworks",
				);
				PRODUCT_BUNDLE_IDENTIFIER = "com.nestor.crypto-book";
				PRODUCT_NAME = "$(TARGET_NAME)";
				SWIFT_VERSION = 5.0;
				TARGETED_DEVICE_FAMILY = "1,2";
			};
			name = Debug;
		};
		8EA6FF162487BE8500AC978E /* Release */ = {
			isa = XCBuildConfiguration;
			buildSettings = {
				ASSETCATALOG_COMPILER_APPICON_NAME = AppIcon;
				CODE_SIGN_STYLE = Automatic;
				INFOPLIST_FILE = "crypto-book/Info.plist";
				LD_RUNPATH_SEARCH_PATHS = (
					"$(inherited)",
					"@executable_path/Frameworks",
				);
				PRODUCT_BUNDLE_IDENTIFIER = "com.nestor.crypto-book";
				PRODUCT_NAME = "$(TARGET_NAME)";
				SWIFT_VERSION = 5.0;
				TARGETED_DEVICE_FAMILY = "1,2";
			};
			name = Release;
		};
		8EA6FF182487BE8500AC978E /* Debug */ = {
			isa = XCBuildConfiguration;
			buildSettings = {
				ALWAYS_EMBED_SWIFT_STANDARD_LIBRARIES = YES;
				BUNDLE_LOADER = "$(TEST_HOST)";
				CODE_SIGN_STYLE = Automatic;
				INFOPLIST_FILE = "crypto-bookTests/Info.plist";
				IPHONEOS_DEPLOYMENT_TARGET = 13.5;
				LD_RUNPATH_SEARCH_PATHS = (
					"$(inherited)",
					"@executable_path/Frameworks",
					"@loader_path/Frameworks",
				);
				PRODUCT_BUNDLE_IDENTIFIER = "com.nestor.crypto-bookTests";
				PRODUCT_NAME = "$(TARGET_NAME)";
				SWIFT_VERSION = 5.0;
				TARGETED_DEVICE_FAMILY = "1,2";
				TEST_HOST = "$(BUILT_PRODUCTS_DIR)/crypto-book.app/crypto-book";
			};
			name = Debug;
		};
		8EA6FF192487BE8500AC978E /* Release */ = {
			isa = XCBuildConfiguration;
			buildSettings = {
				ALWAYS_EMBED_SWIFT_STANDARD_LIBRARIES = YES;
				BUNDLE_LOADER = "$(TEST_HOST)";
				CODE_SIGN_STYLE = Automatic;
				INFOPLIST_FILE = "crypto-bookTests/Info.plist";
				IPHONEOS_DEPLOYMENT_TARGET = 13.5;
				LD_RUNPATH_SEARCH_PATHS = (
					"$(inherited)",
					"@executable_path/Frameworks",
					"@loader_path/Frameworks",
				);
				PRODUCT_BUNDLE_IDENTIFIER = "com.nestor.crypto-bookTests";
				PRODUCT_NAME = "$(TARGET_NAME)";
				SWIFT_VERSION = 5.0;
				TARGETED_DEVICE_FAMILY = "1,2";
				TEST_HOST = "$(BUILT_PRODUCTS_DIR)/crypto-book.app/crypto-book";
			};
			name = Release;
		};
/* End XCBuildConfiguration section */

/* Begin XCConfigurationList section */
		8EA6FEF02487BE8400AC978E /* Build configuration list for PBXProject "crypto-book" */ = {
			isa = XCConfigurationList;
			buildConfigurations = (
				8EA6FF122487BE8500AC978E /* Debug */,
				8EA6FF132487BE8500AC978E /* Release */,
			);
			defaultConfigurationIsVisible = 0;
			defaultConfigurationName = Release;
		};
		8EA6FF142487BE8500AC978E /* Build configuration list for PBXNativeTarget "crypto-book" */ = {
			isa = XCConfigurationList;
			buildConfigurations = (
				8EA6FF152487BE8500AC978E /* Debug */,
				8EA6FF162487BE8500AC978E /* Release */,
			);
			defaultConfigurationIsVisible = 0;
			defaultConfigurationName = Release;
		};
		8EA6FF172487BE8500AC978E /* Build configuration list for PBXNativeTarget "crypto-bookTests" */ = {
			isa = XCConfigurationList;
			buildConfigurations = (
				8EA6FF182487BE8500AC978E /* Debug */,
				8EA6FF192487BE8500AC978E /* Release */,
			);
			defaultConfigurationIsVisible = 0;
			defaultConfigurationName = Release;
		};
/* End XCConfigurationList section */
	};
	rootObject = 8EA6FEED2487BE8400AC978E /* Project object */;
}
